// !$*UTF8*$!
{
	archiveVersion = 1;
	classes = {
	};
	objectVersion = 77;
	objects = {

/* Begin PBXBuildFile section */
		3A1A75FB2EDAF0EA0011F378 /* SnapKit in Frameworks */ = {isa = PBXBuildFile; productRef = 3A1A75FA2EDAF0EA0011F378 /* SnapKit */; };
		693ABD892EE1DFAA00DEBBEE /* AppDelegate.swift in Sources */ = {isa = PBXBuildFile; fileRef = 693ABD792EE1DB9600DEBBEE /* AppDelegate.swift */; };
		693ABD8A2EE1DFAF00DEBBEE /* SceneDelegate.swift in Sources */ = {isa = PBXBuildFile; fileRef = 693ABD7A2EE1DB9A00DEBBEE /* SceneDelegate.swift */; };
		693ABD8B2EE1DFB900DEBBEE /* AuthViewController.swift in Sources */ = {isa = PBXBuildFile; fileRef = 693ABD822EE1DC5A00DEBBEE /* AuthViewController.swift */; };
		693ABD8C2EE1DFBC00DEBBEE /* AuthInteractor.swift in Sources */ = {isa = PBXBuildFile; fileRef = 693ABD7F2EE1DC5A00DEBBEE /* AuthInteractor.swift */; };
		693ABD8D2EE1DFC100DEBBEE /* AuthPresenter.swift in Sources */ = {isa = PBXBuildFile; fileRef = 693ABD802EE1DC5A00DEBBEE /* AuthPresenter.swift */; };
		693ABD8E2EE1DFC500DEBBEE /* AuthRouter.swift in Sources */ = {isa = PBXBuildFile; fileRef = 693ABD812EE1DC5A00DEBBEE /* AuthRouter.swift */; };
		693ABD902EE1DFCD00DEBBEE /* Assets.xcassets in Resources */ = {isa = PBXBuildFile; fileRef = 693ABD862EE1DDA700DEBBEE /* Assets.xcassets */; };
		693ABD912EE1DFD100DEBBEE /* Tap.swift in Sources */ = {isa = PBXBuildFile; fileRef = 693ABD842EE1DCEB00DEBBEE /* Tap.swift */; };
		693ABD922EE1DFD500DEBBEE /* Shark.swift in Sources */ = {isa = PBXBuildFile; fileRef = 693ABD852EE1DD2A00DEBBEE /* Shark.swift */; };
		693ABD962EE1EBC400DEBBEE /* LaunchScreen.storyboard in Resources */ = {isa = PBXBuildFile; fileRef = 693ABD952EE1EBC400DEBBEE /* LaunchScreen.storyboard */; };
		693ABD9A2EE40FE700DEBBEE /* ProfileViewController.swift in Sources */ = {isa = PBXBuildFile; fileRef = 693ABD992EE40FDA00DEBBEE /* ProfileViewController.swift */; };
		693ABD9C2EE4100F00DEBBEE /* ProfileInteractor.swift in Sources */ = {isa = PBXBuildFile; fileRef = 693ABD9B2EE40FF300DEBBEE /* ProfileInteractor.swift */; };
		693ABD9E2EE4101900DEBBEE /* ProfilePresenter.swift in Sources */ = {isa = PBXBuildFile; fileRef = 693ABD9D2EE4101200DEBBEE /* ProfilePresenter.swift */; };
		693ABDA02EE4101F00DEBBEE /* ProfileRouter.swift in Sources */ = {isa = PBXBuildFile; fileRef = 693ABD9F2EE4101C00DEBBEE /* ProfileRouter.swift */; };
		693ABDA52EE4104D00DEBBEE /* MainInteractor.swift in Sources */ = {isa = PBXBuildFile; fileRef = 693ABDA22EE4104D00DEBBEE /* MainInteractor.swift */; };
		693ABDA62EE4104D00DEBBEE /* MainRouter.swift in Sources */ = {isa = PBXBuildFile; fileRef = 693ABDA42EE4104D00DEBBEE /* MainRouter.swift */; };
		693ABDA72EE4104D00DEBBEE /* MainViewController.swift in Sources */ = {isa = PBXBuildFile; fileRef = 693ABDA12EE4104D00DEBBEE /* MainViewController.swift */; };
		693ABDA82EE4104D00DEBBEE /* MainPresenter.swift in Sources */ = {isa = PBXBuildFile; fileRef = 693ABDA32EE4104D00DEBBEE /* MainPresenter.swift */; };
		693ABDAA2EE410D800DEBBEE /* TableView.swift in Sources */ = {isa = PBXBuildFile; fileRef = 693ABDA92EE410CD00DEBBEE /* TableView.swift */; };
		693ABDAC2EE413C200DEBBEE /* TablePresenter.swift in Sources */ = {isa = PBXBuildFile; fileRef = 693ABDAB2EE413BD00DEBBEE /* TablePresenter.swift */; };
		693ABDAE2EE4143000DEBBEE /* TableViewCell.swift in Sources */ = {isa = PBXBuildFile; fileRef = 693ABDAD2EE4142B00DEBBEE /* TableViewCell.swift */; };
		693ABDB02EE4155900DEBBEE /* TableViewModel.swift in Sources */ = {isa = PBXBuildFile; fileRef = 693ABDAF2EE4155400DEBBEE /* TableViewModel.swift */; };
		693ABDB22EE4156600DEBBEE /* TableViewItem.swift in Sources */ = {isa = PBXBuildFile; fileRef = 693ABDB12EE4156100DEBBEE /* TableViewItem.swift */; };
		693ABDB92EE418FE00DEBBEE /* AuthService.swift in Sources */ = {isa = PBXBuildFile; fileRef = 693ABDB82EE418F600DEBBEE /* AuthService.swift */; };
		693ABDBC2EE41CEC00DEBBEE /* ForgotViewController.swift in Sources */ = {isa = PBXBuildFile; fileRef = 693ABDBB2EE41CE000DEBBEE /* ForgotViewController.swift */; };
		693ABDBE2EE41D0000DEBBEE /* ForgotInteractor.swift in Sources */ = {isa = PBXBuildFile; fileRef = 693ABDBD2EE41CF200DEBBEE /* ForgotInteractor.swift */; };
		693ABDC02EE41D0700DEBBEE /* ForgotPresenter.swift in Sources */ = {isa = PBXBuildFile; fileRef = 693ABDBF2EE41D0300DEBBEE /* ForgotPresenter.swift */; };
		693ABDC22EE41D0D00DEBBEE /* ForgotRouter.swift in Sources */ = {isa = PBXBuildFile; fileRef = 693ABDC12EE41D0A00DEBBEE /* ForgotRouter.swift */; };
		693ABDC42EE5838000DEBBEE /* UIColor.swift in Sources */ = {isa = PBXBuildFile; fileRef = 693ABDC32EE5837800DEBBEE /* UIColor.swift */; };
		693ABDD02EED4B8000DEBBEE /* RegistrationPresenter.swift in Sources */ = {isa = PBXBuildFile; fileRef = 693ABDCE2EED4B8000DEBBEE /* RegistrationPresenter.swift */; };
		693ABDD12EED4B8000DEBBEE /* RegistrationViewController.swift in Sources */ = {isa = PBXBuildFile; fileRef = 693ABDCC2EED4B8000DEBBEE /* RegistrationViewController.swift */; };
		693ABDD22EED4B8000DEBBEE /* RegistrationInteractor.swift in Sources */ = {isa = PBXBuildFile; fileRef = 693ABDCD2EED4B8000DEBBEE /* RegistrationInteractor.swift */; };
		693ABDD32EED4B8000DEBBEE /* RegistrationRouter.swift in Sources */ = {isa = PBXBuildFile; fileRef = 693ABDCF2EED4B8000DEBBEE /* RegistrationRouter.swift */; };
		693ABDD52EED5D8900DEBBEE /* RootRouter.swift in Sources */ = {isa = PBXBuildFile; fileRef = 693ABDD42EED5D7C00DEBBEE /* RootRouter.swift */; };
		693ABDD72EED5E0D00DEBBEE /* CustomTabBarController.swift in Sources */ = {isa = PBXBuildFile; fileRef = 693ABDD62EED5DF800DEBBEE /* CustomTabBarController.swift */; };
		693ABDE02EEEB14000DEBBEE /* CartViewController.swift in Sources */ = {isa = PBXBuildFile; fileRef = 693ABDDC2EEEB14000DEBBEE /* CartViewController.swift */; };
		693ABDE12EEEB14000DEBBEE /* CartPresenter.swift in Sources */ = {isa = PBXBuildFile; fileRef = 693ABDDE2EEEB14000DEBBEE /* CartPresenter.swift */; };
		693ABDE22EEEB14000DEBBEE /* CartInteractor.swift in Sources */ = {isa = PBXBuildFile; fileRef = 693ABDDD2EEEB14000DEBBEE /* CartInteractor.swift */; };
		693ABDE32EEEB14000DEBBEE /* CartRouter.swift in Sources */ = {isa = PBXBuildFile; fileRef = 693ABDDF2EEEB14000DEBBEE /* CartRouter.swift */; };
		693ABDE82EEEB14300DEBBEE /* ChatsPresenter.swift in Sources */ = {isa = PBXBuildFile; fileRef = 693ABDE62EEEB14300DEBBEE /* ChatsPresenter.swift */; };
		693ABDE92EEEB14300DEBBEE /* ChatsInteractor.swift in Sources */ = {isa = PBXBuildFile; fileRef = 693ABDE52EEEB14300DEBBEE /* ChatsInteractor.swift */; };
		693ABDEA2EEEB14300DEBBEE /* ChatsRouter.swift in Sources */ = {isa = PBXBuildFile; fileRef = 693ABDE72EEEB14300DEBBEE /* ChatsRouter.swift */; };
		693ABDEB2EEEB14300DEBBEE /* ChatsViewController.swift in Sources */ = {isa = PBXBuildFile; fileRef = 693ABDE42EEEB14300DEBBEE /* ChatsViewController.swift */; };
		693ABDF02EEEB14500DEBBEE /* CategoryInteractor.swift in Sources */ = {isa = PBXBuildFile; fileRef = 693ABDED2EEEB14500DEBBEE /* CategoryInteractor.swift */; };
		693ABDF12EEEB14500DEBBEE /* CategoryPresenter.swift in Sources */ = {isa = PBXBuildFile; fileRef = 693ABDEE2EEEB14500DEBBEE /* CategoryPresenter.swift */; };
		693ABDF22EEEB14500DEBBEE /* CategoryRouter.swift in Sources */ = {isa = PBXBuildFile; fileRef = 693ABDEF2EEEB14500DEBBEE /* CategoryRouter.swift */; };
		693ABDF32EEEB14500DEBBEE /* CategoryViewController.swift in Sources */ = {isa = PBXBuildFile; fileRef = 693ABDEC2EEEB14500DEBBEE /* CategoryViewController.swift */; };
		69DB2A6B2EF68BA6003E00FB /* UserAuth.swift in Sources */ = {isa = PBXBuildFile; fileRef = 69DB2A6A2EF68B9E003E00FB /* UserAuth.swift */; };
		69DB2ACE2EFFCA54003E00FB /* KeyChain.swift in Sources */ = {isa = PBXBuildFile; fileRef = 69DB2ACD2EFFCA4F003E00FB /* KeyChain.swift */; };
		69DB2AD22EFFCADD003E00FB /* URLRequest+cURL.swift in Sources */ = {isa = PBXBuildFile; fileRef = 69DB2AD12EFFCAC1003E00FB /* URLRequest+cURL.swift */; };
		69DB2AD52EFFCBA4003E00FB /* Serializer.swift in Sources */ = {isa = PBXBuildFile; fileRef = 69DB2AD42EFFCBA3003E00FB /* Serializer.swift */; };
		69DB2AD72EFFCC28003E00FB /* Log.swift in Sources */ = {isa = PBXBuildFile; fileRef = 69DB2AD62EFFCC19003E00FB /* Log.swift */; };
		69DB2ADA2EFFCD5D003E00FB /* Endpoint.swift in Sources */ = {isa = PBXBuildFile; fileRef = 69DB2AD92EFFCD5A003E00FB /* Endpoint.swift */; };
		69DB2ADC2EFFCD96003E00FB /* EndpointBody.swift in Sources */ = {isa = PBXBuildFile; fileRef = 69DB2ADB2EFFCD8F003E00FB /* EndpointBody.swift */; };
		69DB2ADF2EFFD065003E00FB /* HTTP.swift in Sources */ = {isa = PBXBuildFile; fileRef = 69DB2ADE2EFFD060003E00FB /* HTTP.swift */; };
		69DB2AE32EFFDC4D003E00FB /* MultipartRequestBoundary.swift in Sources */ = {isa = PBXBuildFile; fileRef = 69DB2AE22EFFDC39003E00FB /* MultipartRequestBoundary.swift */; };
		69DB2AE52EFFDC61003E00FB /* MultipartRequestBody.swift in Sources */ = {isa = PBXBuildFile; fileRef = 69DB2AE42EFFDC5E003E00FB /* MultipartRequestBody.swift */; };
		69DB2AE72EFFDCDB003E00FB /* MultipartRequestPartType.swift in Sources */ = {isa = PBXBuildFile; fileRef = 69DB2AE62EFFDCD9003E00FB /* MultipartRequestPartType.swift */; };
		69DB2AE92EFFDCE9003E00FB /* MultipartRequestPartString.swift in Sources */ = {isa = PBXBuildFile; fileRef = 69DB2AE82EFFDCE8003E00FB /* MultipartRequestPartString.swift */; };
		69DB2AEB2EFFDCF7003E00FB /* MultipartRequestPartFile.swift in Sources */ = {isa = PBXBuildFile; fileRef = 69DB2AEA2EFFDCF5003E00FB /* MultipartRequestPartFile.swift */; };
/* End PBXBuildFile section */

/* Begin PBXFileReference section */
		3A1A75E12EDAF0590011F378 /* Cafe-iOS-Anton.app */ = {isa = PBXFileReference; explicitFileType = wrapper.application; includeInIndex = 0; path = "Cafe-iOS-Anton.app"; sourceTree = BUILT_PRODUCTS_DIR; };
		693ABD792EE1DB9600DEBBEE /* AppDelegate.swift */ = {isa = PBXFileReference; lastKnownFileType = sourcecode.swift; path = AppDelegate.swift; sourceTree = "<group>"; };
		693ABD7A2EE1DB9A00DEBBEE /* SceneDelegate.swift */ = {isa = PBXFileReference; lastKnownFileType = sourcecode.swift; path = SceneDelegate.swift; sourceTree = "<group>"; };
		693ABD7F2EE1DC5A00DEBBEE /* AuthInteractor.swift */ = {isa = PBXFileReference; lastKnownFileType = sourcecode.swift; path = AuthInteractor.swift; sourceTree = "<group>"; };
		693ABD802EE1DC5A00DEBBEE /* AuthPresenter.swift */ = {isa = PBXFileReference; lastKnownFileType = sourcecode.swift; path = AuthPresenter.swift; sourceTree = "<group>"; };
		693ABD812EE1DC5A00DEBBEE /* AuthRouter.swift */ = {isa = PBXFileReference; lastKnownFileType = sourcecode.swift; path = AuthRouter.swift; sourceTree = "<group>"; };
		693ABD822EE1DC5A00DEBBEE /* AuthViewController.swift */ = {isa = PBXFileReference; lastKnownFileType = sourcecode.swift; path = AuthViewController.swift; sourceTree = "<group>"; };
		693ABD832EE1DCDF00DEBBEE /* Info.plist */ = {isa = PBXFileReference; lastKnownFileType = text.plist.xml; path = Info.plist; sourceTree = "<group>"; };
		693ABD842EE1DCEB00DEBBEE /* Tap.swift */ = {isa = PBXFileReference; lastKnownFileType = sourcecode.swift; path = Tap.swift; sourceTree = "<group>"; };
		693ABD852EE1DD2A00DEBBEE /* Shark.swift */ = {isa = PBXFileReference; lastKnownFileType = sourcecode.swift; path = Shark.swift; sourceTree = "<group>"; };
		693ABD862EE1DDA700DEBBEE /* Assets.xcassets */ = {isa = PBXFileReference; lastKnownFileType = folder.assetcatalog; path = Assets.xcassets; sourceTree = "<group>"; };
		693ABD952EE1EBC400DEBBEE /* LaunchScreen.storyboard */ = {isa = PBXFileReference; lastKnownFileType = file.storyboard; path = LaunchScreen.storyboard; sourceTree = "<group>"; };
		693ABD992EE40FDA00DEBBEE /* ProfileViewController.swift */ = {isa = PBXFileReference; lastKnownFileType = sourcecode.swift; path = ProfileViewController.swift; sourceTree = "<group>"; };
		693ABD9B2EE40FF300DEBBEE /* ProfileInteractor.swift */ = {isa = PBXFileReference; lastKnownFileType = sourcecode.swift; path = ProfileInteractor.swift; sourceTree = "<group>"; };
		693ABD9D2EE4101200DEBBEE /* ProfilePresenter.swift */ = {isa = PBXFileReference; lastKnownFileType = sourcecode.swift; path = ProfilePresenter.swift; sourceTree = "<group>"; };
		693ABD9F2EE4101C00DEBBEE /* ProfileRouter.swift */ = {isa = PBXFileReference; lastKnownFileType = sourcecode.swift; path = ProfileRouter.swift; sourceTree = "<group>"; };
		693ABDA12EE4104D00DEBBEE /* MainViewController.swift */ = {isa = PBXFileReference; lastKnownFileType = sourcecode.swift; path = MainViewController.swift; sourceTree = "<group>"; };
		693ABDA22EE4104D00DEBBEE /* MainInteractor.swift */ = {isa = PBXFileReference; lastKnownFileType = sourcecode.swift; path = MainInteractor.swift; sourceTree = "<group>"; };
		693ABDA32EE4104D00DEBBEE /* MainPresenter.swift */ = {isa = PBXFileReference; lastKnownFileType = sourcecode.swift; path = MainPresenter.swift; sourceTree = "<group>"; };
		693ABDA42EE4104D00DEBBEE /* MainRouter.swift */ = {isa = PBXFileReference; lastKnownFileType = sourcecode.swift; path = MainRouter.swift; sourceTree = "<group>"; };
		693ABDA92EE410CD00DEBBEE /* TableView.swift */ = {isa = PBXFileReference; lastKnownFileType = sourcecode.swift; path = TableView.swift; sourceTree = "<group>"; };
		693ABDAB2EE413BD00DEBBEE /* TablePresenter.swift */ = {isa = PBXFileReference; lastKnownFileType = sourcecode.swift; path = TablePresenter.swift; sourceTree = "<group>"; };
		693ABDAD2EE4142B00DEBBEE /* TableViewCell.swift */ = {isa = PBXFileReference; lastKnownFileType = sourcecode.swift; path = TableViewCell.swift; sourceTree = "<group>"; };
		693ABDAF2EE4155400DEBBEE /* TableViewModel.swift */ = {isa = PBXFileReference; lastKnownFileType = sourcecode.swift; path = TableViewModel.swift; sourceTree = "<group>"; };
		693ABDB12EE4156100DEBBEE /* TableViewItem.swift */ = {isa = PBXFileReference; lastKnownFileType = sourcecode.swift; path = TableViewItem.swift; sourceTree = "<group>"; };
		693ABDB82EE418F600DEBBEE /* AuthService.swift */ = {isa = PBXFileReference; lastKnownFileType = sourcecode.swift; path = AuthService.swift; sourceTree = "<group>"; };
		693ABDBB2EE41CE000DEBBEE /* ForgotViewController.swift */ = {isa = PBXFileReference; lastKnownFileType = sourcecode.swift; path = ForgotViewController.swift; sourceTree = "<group>"; };
		693ABDBD2EE41CF200DEBBEE /* ForgotInteractor.swift */ = {isa = PBXFileReference; lastKnownFileType = sourcecode.swift; path = ForgotInteractor.swift; sourceTree = "<group>"; };
		693ABDBF2EE41D0300DEBBEE /* ForgotPresenter.swift */ = {isa = PBXFileReference; lastKnownFileType = sourcecode.swift; path = ForgotPresenter.swift; sourceTree = "<group>"; };
		693ABDC12EE41D0A00DEBBEE /* ForgotRouter.swift */ = {isa = PBXFileReference; lastKnownFileType = sourcecode.swift; path = ForgotRouter.swift; sourceTree = "<group>"; };
		693ABDC32EE5837800DEBBEE /* UIColor.swift */ = {isa = PBXFileReference; lastKnownFileType = sourcecode.swift; path = UIColor.swift; sourceTree = "<group>"; };
		693ABDCC2EED4B8000DEBBEE /* RegistrationViewController.swift */ = {isa = PBXFileReference; lastKnownFileType = sourcecode.swift; path = RegistrationViewController.swift; sourceTree = "<group>"; };
		693ABDCD2EED4B8000DEBBEE /* RegistrationInteractor.swift */ = {isa = PBXFileReference; lastKnownFileType = sourcecode.swift; path = RegistrationInteractor.swift; sourceTree = "<group>"; };
		693ABDCE2EED4B8000DEBBEE /* RegistrationPresenter.swift */ = {isa = PBXFileReference; lastKnownFileType = sourcecode.swift; path = RegistrationPresenter.swift; sourceTree = "<group>"; };
		693ABDCF2EED4B8000DEBBEE /* RegistrationRouter.swift */ = {isa = PBXFileReference; lastKnownFileType = sourcecode.swift; path = RegistrationRouter.swift; sourceTree = "<group>"; };
		693ABDD42EED5D7C00DEBBEE /* RootRouter.swift */ = {isa = PBXFileReference; lastKnownFileType = sourcecode.swift; path = RootRouter.swift; sourceTree = "<group>"; };
		693ABDD62EED5DF800DEBBEE /* CustomTabBarController.swift */ = {isa = PBXFileReference; lastKnownFileType = sourcecode.swift; path = CustomTabBarController.swift; sourceTree = "<group>"; };
		693ABDDC2EEEB14000DEBBEE /* CartViewController.swift */ = {isa = PBXFileReference; lastKnownFileType = sourcecode.swift; path = CartViewController.swift; sourceTree = "<group>"; };
		693ABDDD2EEEB14000DEBBEE /* CartInteractor.swift */ = {isa = PBXFileReference; lastKnownFileType = sourcecode.swift; path = CartInteractor.swift; sourceTree = "<group>"; };
		693ABDDE2EEEB14000DEBBEE /* CartPresenter.swift */ = {isa = PBXFileReference; lastKnownFileType = sourcecode.swift; path = CartPresenter.swift; sourceTree = "<group>"; };
		693ABDDF2EEEB14000DEBBEE /* CartRouter.swift */ = {isa = PBXFileReference; lastKnownFileType = sourcecode.swift; path = CartRouter.swift; sourceTree = "<group>"; };
		693ABDE42EEEB14300DEBBEE /* ChatsViewController.swift */ = {isa = PBXFileReference; lastKnownFileType = sourcecode.swift; path = ChatsViewController.swift; sourceTree = "<group>"; };
		693ABDE52EEEB14300DEBBEE /* ChatsInteractor.swift */ = {isa = PBXFileReference; lastKnownFileType = sourcecode.swift; path = ChatsInteractor.swift; sourceTree = "<group>"; };
		693ABDE62EEEB14300DEBBEE /* ChatsPresenter.swift */ = {isa = PBXFileReference; lastKnownFileType = sourcecode.swift; path = ChatsPresenter.swift; sourceTree = "<group>"; };
		693ABDE72EEEB14300DEBBEE /* ChatsRouter.swift */ = {isa = PBXFileReference; lastKnownFileType = sourcecode.swift; path = ChatsRouter.swift; sourceTree = "<group>"; };
		693ABDEC2EEEB14500DEBBEE /* CategoryViewController.swift */ = {isa = PBXFileReference; lastKnownFileType = sourcecode.swift; path = CategoryViewController.swift; sourceTree = "<group>"; };
		693ABDED2EEEB14500DEBBEE /* CategoryInteractor.swift */ = {isa = PBXFileReference; lastKnownFileType = sourcecode.swift; path = CategoryInteractor.swift; sourceTree = "<group>"; };
		693ABDEE2EEEB14500DEBBEE /* CategoryPresenter.swift */ = {isa = PBXFileReference; lastKnownFileType = sourcecode.swift; path = CategoryPresenter.swift; sourceTree = "<group>"; };
		693ABDEF2EEEB14500DEBBEE /* CategoryRouter.swift */ = {isa = PBXFileReference; lastKnownFileType = sourcecode.swift; path = CategoryRouter.swift; sourceTree = "<group>"; };
		69DB2A6A2EF68B9E003E00FB /* UserAuth.swift */ = {isa = PBXFileReference; lastKnownFileType = sourcecode.swift; path = UserAuth.swift; sourceTree = "<group>"; };
		69DB2ACD2EFFCA4F003E00FB /* KeyChain.swift */ = {isa = PBXFileReference; lastKnownFileType = sourcecode.swift; path = KeyChain.swift; sourceTree = "<group>"; };
		69DB2AD12EFFCAC1003E00FB /* URLRequest+cURL.swift */ = {isa = PBXFileReference; lastKnownFileType = sourcecode.swift; path = "URLRequest+cURL.swift"; sourceTree = "<group>"; };
		69DB2AD42EFFCBA3003E00FB /* Serializer.swift */ = {isa = PBXFileReference; lastKnownFileType = sourcecode.swift; path = Serializer.swift; sourceTree = "<group>"; };
		69DB2AD62EFFCC19003E00FB /* Log.swift */ = {isa = PBXFileReference; lastKnownFileType = sourcecode.swift; path = Log.swift; sourceTree = "<group>"; };
		69DB2AD92EFFCD5A003E00FB /* Endpoint.swift */ = {isa = PBXFileReference; lastKnownFileType = sourcecode.swift; path = Endpoint.swift; sourceTree = "<group>"; };
		69DB2ADB2EFFCD8F003E00FB /* EndpointBody.swift */ = {isa = PBXFileReference; lastKnownFileType = sourcecode.swift; path = EndpointBody.swift; sourceTree = "<group>"; };
		69DB2ADE2EFFD060003E00FB /* HTTP.swift */ = {isa = PBXFileReference; lastKnownFileType = sourcecode.swift; path = HTTP.swift; sourceTree = "<group>"; };
		69DB2AE22EFFDC39003E00FB /* MultipartRequestBoundary.swift */ = {isa = PBXFileReference; lastKnownFileType = sourcecode.swift; path = MultipartRequestBoundary.swift; sourceTree = "<group>"; };
		69DB2AE42EFFDC5E003E00FB /* MultipartRequestBody.swift */ = {isa = PBXFileReference; lastKnownFileType = sourcecode.swift; path = MultipartRequestBody.swift; sourceTree = "<group>"; };
		69DB2AE62EFFDCD9003E00FB /* MultipartRequestPartType.swift */ = {isa = PBXFileReference; lastKnownFileType = sourcecode.swift; path = MultipartRequestPartType.swift; sourceTree = "<group>"; };
		69DB2AE82EFFDCE8003E00FB /* MultipartRequestPartString.swift */ = {isa = PBXFileReference; lastKnownFileType = sourcecode.swift; path = MultipartRequestPartString.swift; sourceTree = "<group>"; };
		69DB2AEA2EFFDCF5003E00FB /* MultipartRequestPartFile.swift */ = {isa = PBXFileReference; lastKnownFileType = sourcecode.swift; path = MultipartRequestPartFile.swift; sourceTree = "<group>"; };
/* End PBXFileReference section */

/* Begin PBXFrameworksBuildPhase section */
		3A1A75DE2EDAF0590011F378 /* Frameworks */ = {
			isa = PBXFrameworksBuildPhase;
			buildActionMask = 2147483647;
			files = (
				3A1A75FB2EDAF0EA0011F378 /* SnapKit in Frameworks */,
			);
			runOnlyForDeploymentPostprocessing = 0;
		};
/* End PBXFrameworksBuildPhase section */

/* Begin PBXGroup section */
		3A1A75D82EDAF0590011F378 = {
			isa = PBXGroup;
			children = (
				693ABD782EE1DB7C00DEBBEE /* Cafe-IOS-Anton */,
				3A1A75E22EDAF0590011F378 /* Products */,
			);
			sourceTree = "<group>";
		};
		3A1A75E22EDAF0590011F378 /* Products */ = {
			isa = PBXGroup;
			children = (
				3A1A75E12EDAF0590011F378 /* Cafe-iOS-Anton.app */,
			);
			name = Products;
			sourceTree = "<group>";
		};
		693ABD782EE1DB7C00DEBBEE /* Cafe-IOS-Anton */ = {
			isa = PBXGroup;
			children = (
				693ABDD62EED5DF800DEBBEE /* CustomTabBarController.swift */,
				693ABDD42EED5D7C00DEBBEE /* RootRouter.swift */,
				693ABD792EE1DB9600DEBBEE /* AppDelegate.swift */,
				693ABD7A2EE1DB9A00DEBBEE /* SceneDelegate.swift */,
				693ABD7B2EE1DBFF00DEBBEE /* Models */,
				693ABD7C2EE1DC2000DEBBEE /* Scenes */,
				693ABD832EE1DCDF00DEBBEE /* Info.plist */,
				693ABD862EE1DDA700DEBBEE /* Assets.xcassets */,
				693ABD952EE1EBC400DEBBEE /* LaunchScreen.storyboard */,
				693ABD882EE1DDC300DEBBEE /* Common */,
				693ABD872EE1DDBA00DEBBEE /* Network */,
			);
			path = "Cafe-IOS-Anton";
			sourceTree = "<group>";
		};
		693ABD7B2EE1DBFF00DEBBEE /* Models */ = {
			isa = PBXGroup;
			children = (
				69DB2A6A2EF68B9E003E00FB /* UserAuth.swift */,
			);
			path = Models;
			sourceTree = "<group>";
		};
		693ABD7C2EE1DC2000DEBBEE /* Scenes */ = {
			isa = PBXGroup;
			children = (
				693ABDDB2EEEACBF00DEBBEE /* Cart */,
				693ABDDA2EEEACB300DEBBEE /* Chats */,
				693ABDD92EEEAA4300DEBBEE /* Category */,
				693ABD982EE40FB600DEBBEE /* Profile */,
				693ABD972EE40FAA00DEBBEE /* Main */,
				693ABD7D2EE1DC3200DEBBEE /* Forgot password */,
				693ABD7E2EE1DC4100DEBBEE /* Registration */,
				693ABD822EE1DC5A00DEBBEE /* AuthViewController.swift */,
				693ABD7F2EE1DC5A00DEBBEE /* AuthInteractor.swift */,
				693ABD802EE1DC5A00DEBBEE /* AuthPresenter.swift */,
				693ABD812EE1DC5A00DEBBEE /* AuthRouter.swift */,
			);
			path = Scenes;
			sourceTree = "<group>";
		};
		693ABD7D2EE1DC3200DEBBEE /* Forgot password */ = {
			isa = PBXGroup;
			children = (
				693ABDBB2EE41CE000DEBBEE /* ForgotViewController.swift */,
				693ABDBD2EE41CF200DEBBEE /* ForgotInteractor.swift */,
				693ABDBF2EE41D0300DEBBEE /* ForgotPresenter.swift */,
				693ABDC12EE41D0A00DEBBEE /* ForgotRouter.swift */,
			);
			path = "Forgot password";
			sourceTree = "<group>";
		};
		693ABD7E2EE1DC4100DEBBEE /* Registration */ = {
			isa = PBXGroup;
			children = (
				693ABDCC2EED4B8000DEBBEE /* RegistrationViewController.swift */,
				693ABDCD2EED4B8000DEBBEE /* RegistrationInteractor.swift */,
				693ABDCE2EED4B8000DEBBEE /* RegistrationPresenter.swift */,
				693ABDCF2EED4B8000DEBBEE /* RegistrationRouter.swift */,
			);
			path = Registration;
			sourceTree = "<group>";
		};
		693ABD872EE1DDBA00DEBBEE /* Network */ = {
			isa = PBXGroup;
			children = (
				69DB2ADD2EFFCDB1003E00FB /* HTTP request maneger */,
				69DB2AD82EFFCD52003E00FB /* Endpoint */,
				69DB2AD32EFFCB9D003E00FB /* Serializer */,
				69DB2AD02EFFCAA2003E00FB /* URLRequest+cURL */,
				69DB2ACF2EFFCA5B003E00FB /* Log */,
				69DB2ACC2EFFCA25003E00FB /* KeyChain */,
				693ABDBA2EE4191900DEBBEE /* NetworkService */,
				693ABDB72EE418EB00DEBBEE /* Auth */,
			);
			path = Network;
			sourceTree = "<group>";
		};
		693ABD882EE1DDC300DEBBEE /* Common */ = {
			isa = PBXGroup;
			children = (
				693ABDC32EE5837800DEBBEE /* UIColor.swift */,
				693ABDB12EE4156100DEBBEE /* TableViewItem.swift */,
				693ABDAF2EE4155400DEBBEE /* TableViewModel.swift */,
				693ABDAD2EE4142B00DEBBEE /* TableViewCell.swift */,
				693ABDAB2EE413BD00DEBBEE /* TablePresenter.swift */,
				693ABDA92EE410CD00DEBBEE /* TableView.swift */,
				693ABD842EE1DCEB00DEBBEE /* Tap.swift */,
				693ABD852EE1DD2A00DEBBEE /* Shark.swift */,
			);
			path = Common;
			sourceTree = "<group>";
		};
		693ABD972EE40FAA00DEBBEE /* Main */ = {
			isa = PBXGroup;
			children = (
				693ABDA12EE4104D00DEBBEE /* MainViewController.swift */,
				693ABDA22EE4104D00DEBBEE /* MainInteractor.swift */,
				693ABDA32EE4104D00DEBBEE /* MainPresenter.swift */,
				693ABDA42EE4104D00DEBBEE /* MainRouter.swift */,
			);
			path = Main;
			sourceTree = "<group>";
		};
		693ABD982EE40FB600DEBBEE /* Profile */ = {
			isa = PBXGroup;
			children = (
				693ABD992EE40FDA00DEBBEE /* ProfileViewController.swift */,
				693ABD9B2EE40FF300DEBBEE /* ProfileInteractor.swift */,
				693ABD9D2EE4101200DEBBEE /* ProfilePresenter.swift */,
				693ABD9F2EE4101C00DEBBEE /* ProfileRouter.swift */,
			);
			path = Profile;
			sourceTree = "<group>";
		};
		693ABDB72EE418EB00DEBBEE /* Auth */ = {
			isa = PBXGroup;
			children = (
				693ABDB82EE418F600DEBBEE /* AuthService.swift */,
			);
			path = Auth;
			sourceTree = "<group>";
		};
		693ABDBA2EE4191900DEBBEE /* NetworkService */ = {
			isa = PBXGroup;
			children = (
			);
			path = NetworkService;
			sourceTree = "<group>";
		};
		693ABDD92EEEAA4300DEBBEE /* Category */ = {
			isa = PBXGroup;
			children = (
				693ABDEC2EEEB14500DEBBEE /* CategoryViewController.swift */,
				693ABDED2EEEB14500DEBBEE /* CategoryInteractor.swift */,
				693ABDEE2EEEB14500DEBBEE /* CategoryPresenter.swift */,
				693ABDEF2EEEB14500DEBBEE /* CategoryRouter.swift */,
			);
			path = Category;
			sourceTree = "<group>";
		};
		693ABDDA2EEEACB300DEBBEE /* Chats */ = {
			isa = PBXGroup;
			children = (
				693ABDE42EEEB14300DEBBEE /* ChatsViewController.swift */,
				693ABDE52EEEB14300DEBBEE /* ChatsInteractor.swift */,
				693ABDE62EEEB14300DEBBEE /* ChatsPresenter.swift */,
				693ABDE72EEEB14300DEBBEE /* ChatsRouter.swift */,
			);
			path = Chats;
			sourceTree = "<group>";
		};
		693ABDDB2EEEACBF00DEBBEE /* Cart */ = {
			isa = PBXGroup;
			children = (
				693ABDDC2EEEB14000DEBBEE /* CartViewController.swift */,
				693ABDDD2EEEB14000DEBBEE /* CartInteractor.swift */,
				693ABDDE2EEEB14000DEBBEE /* CartPresenter.swift */,
				693ABDDF2EEEB14000DEBBEE /* CartRouter.swift */,
			);
			path = Cart;
			sourceTree = "<group>";
		};
		69DB2ACC2EFFCA25003E00FB /* KeyChain */ = {
			isa = PBXGroup;
			children = (
				69DB2ACD2EFFCA4F003E00FB /* KeyChain.swift */,
			);
			path = KeyChain;
			sourceTree = "<group>";
		};
		69DB2ACF2EFFCA5B003E00FB /* Log */ = {
			isa = PBXGroup;
			children = (
				69DB2AD62EFFCC19003E00FB /* Log.swift */,
			);
			path = Log;
			sourceTree = "<group>";
		};
		69DB2AD02EFFCAA2003E00FB /* URLRequest+cURL */ = {
			isa = PBXGroup;
			children = (
				69DB2AD12EFFCAC1003E00FB /* URLRequest+cURL.swift */,
			);
			path = "URLRequest+cURL";
			sourceTree = "<group>";
		};
		69DB2AD32EFFCB9D003E00FB /* Serializer */ = {
			isa = PBXGroup;
			children = (
				69DB2AD42EFFCBA3003E00FB /* Serializer.swift */,
			);
			path = Serializer;
			sourceTree = "<group>";
		};
		69DB2AD82EFFCD52003E00FB /* Endpoint */ = {
			isa = PBXGroup;
			children = (
				69DB2ADB2EFFCD8F003E00FB /* EndpointBody.swift */,
				69DB2AD92EFFCD5A003E00FB /* Endpoint.swift */,
			);
			path = Endpoint;
			sourceTree = "<group>";
		};
		69DB2ADD2EFFCDB1003E00FB /* HTTP request maneger */ = {
			isa = PBXGroup;
			children = (
				69DB2AE02EFFDBB7003E00FB /* Multipart request */,
				69DB2AE12EFFDBC8003E00FB /* Parts */,
				69DB2ADE2EFFD060003E00FB /* HTTP.swift */,
			);
			path = "HTTP request maneger";
			sourceTree = "<group>";
		};
		69DB2AE02EFFDBB7003E00FB /* Multipart request */ = {
			isa = PBXGroup;
			children = (
				69DB2AE42EFFDC5E003E00FB /* MultipartRequestBody.swift */,
				69DB2AE22EFFDC39003E00FB /* MultipartRequestBoundary.swift */,
			);
			path = "Multipart request";
			sourceTree = "<group>";
		};
		69DB2AE12EFFDBC8003E00FB /* Parts */ = {
			isa = PBXGroup;
			children = (
				69DB2AEA2EFFDCF5003E00FB /* MultipartRequestPartFile.swift */,
				69DB2AE82EFFDCE8003E00FB /* MultipartRequestPartString.swift */,
				69DB2AE62EFFDCD9003E00FB /* MultipartRequestPartType.swift */,
			);
			path = Parts;
			sourceTree = "<group>";
		};
/* End PBXGroup section */

/* Begin PBXNativeTarget section */
		3A1A75E02EDAF0590011F378 /* Cafe-iOS-Anton */ = {
			isa = PBXNativeTarget;
			buildConfigurationList = 3A1A75F42EDAF05B0011F378 /* Build configuration list for PBXNativeTarget "Cafe-iOS-Anton" */;
			buildPhases = (
				3A1A75DD2EDAF0590011F378 /* Sources */,
				3A1A75DE2EDAF0590011F378 /* Frameworks */,
				3A1A75DF2EDAF0590011F378 /* Resources */,
			);
			buildRules = (
			);
			dependencies = (
			);
			name = "Cafe-iOS-Anton";
			packageProductDependencies = (
				3A1A75FA2EDAF0EA0011F378 /* SnapKit */,
			);
			productName = "Cafe-iOS-Anton";
			productReference = 3A1A75E12EDAF0590011F378 /* Cafe-iOS-Anton.app */;
			productType = "com.apple.product-type.application";
		};
/* End PBXNativeTarget section */

/* Begin PBXProject section */
		3A1A75D92EDAF0590011F378 /* Project object */ = {
			isa = PBXProject;
			attributes = {
				BuildIndependentTargetsInParallel = 1;
				LastSwiftUpdateCheck = 1640;
				LastUpgradeCheck = 1640;
				TargetAttributes = {
					3A1A75E02EDAF0590011F378 = {
						CreatedOnToolsVersion = 16.4;
					};
				};
			};
			buildConfigurationList = 3A1A75DC2EDAF0590011F378 /* Build configuration list for PBXProject "Cafe-iOS-Anton" */;
			developmentRegion = en;
			hasScannedForEncodings = 0;
			knownRegions = (
				en,
				Base,
			);
			mainGroup = 3A1A75D82EDAF0590011F378;
			minimizedProjectReferenceProxies = 1;
			packageReferences = (
				3A1A75F92EDAF0EA0011F378 /* XCRemoteSwiftPackageReference "SnapKit" */,
			);
			preferredProjectObjectVersion = 77;
			productRefGroup = 3A1A75E22EDAF0590011F378 /* Products */;
			projectDirPath = "";
			projectRoot = "";
			targets = (
				3A1A75E02EDAF0590011F378 /* Cafe-iOS-Anton */,
			);
		};
/* End PBXProject section */

/* Begin PBXResourcesBuildPhase section */
		3A1A75DF2EDAF0590011F378 /* Resources */ = {
			isa = PBXResourcesBuildPhase;
			buildActionMask = 2147483647;
			files = (
				693ABD902EE1DFCD00DEBBEE /* Assets.xcassets in Resources */,
				693ABD962EE1EBC400DEBBEE /* LaunchScreen.storyboard in Resources */,
			);
			runOnlyForDeploymentPostprocessing = 0;
		};
/* End PBXResourcesBuildPhase section */

/* Begin PBXSourcesBuildPhase section */
		3A1A75DD2EDAF0590011F378 /* Sources */ = {
			isa = PBXSourcesBuildPhase;
			buildActionMask = 2147483647;
			files = (
				693ABDA02EE4101F00DEBBEE /* ProfileRouter.swift in Sources */,
				693ABDBC2EE41CEC00DEBBEE /* ForgotViewController.swift in Sources */,
				69DB2AE32EFFDC4D003E00FB /* MultipartRequestBoundary.swift in Sources */,
				69DB2ADC2EFFCD96003E00FB /* EndpointBody.swift in Sources */,
				693ABDAC2EE413C200DEBBEE /* TablePresenter.swift in Sources */,
				693ABD9E2EE4101900DEBBEE /* ProfilePresenter.swift in Sources */,
				693ABD8D2EE1DFC100DEBBEE /* AuthPresenter.swift in Sources */,
				693ABDD72EED5E0D00DEBBEE /* CustomTabBarController.swift in Sources */,
				69DB2ACE2EFFCA54003E00FB /* KeyChain.swift in Sources */,
				693ABDC02EE41D0700DEBBEE /* ForgotPresenter.swift in Sources */,
				693ABDD02EED4B8000DEBBEE /* RegistrationPresenter.swift in Sources */,
				693ABDD12EED4B8000DEBBEE /* RegistrationViewController.swift in Sources */,
				693ABDD22EED4B8000DEBBEE /* RegistrationInteractor.swift in Sources */,
				69DB2ADF2EFFD065003E00FB /* HTTP.swift in Sources */,
				693ABDD32EED4B8000DEBBEE /* RegistrationRouter.swift in Sources */,
				69DB2AEB2EFFDCF7003E00FB /* MultipartRequestPartFile.swift in Sources */,
				693ABDB22EE4156600DEBBEE /* TableViewItem.swift in Sources */,
				693ABDB92EE418FE00DEBBEE /* AuthService.swift in Sources */,
				693ABDAE2EE4143000DEBBEE /* TableViewCell.swift in Sources */,
				693ABDF02EEEB14500DEBBEE /* CategoryInteractor.swift in Sources */,
				693ABDF12EEEB14500DEBBEE /* CategoryPresenter.swift in Sources */,
				693ABDF22EEEB14500DEBBEE /* CategoryRouter.swift in Sources */,
				69DB2AE72EFFDCDB003E00FB /* MultipartRequestPartType.swift in Sources */,
				69DB2A6B2EF68BA6003E00FB /* UserAuth.swift in Sources */,
				693ABDF32EEEB14500DEBBEE /* CategoryViewController.swift in Sources */,
				693ABDA52EE4104D00DEBBEE /* MainInteractor.swift in Sources */,
				693ABDA62EE4104D00DEBBEE /* MainRouter.swift in Sources */,
				693ABDE02EEEB14000DEBBEE /* CartViewController.swift in Sources */,
				69DB2AE92EFFDCE9003E00FB /* MultipartRequestPartString.swift in Sources */,
				693ABDE12EEEB14000DEBBEE /* CartPresenter.swift in Sources */,
				693ABDE22EEEB14000DEBBEE /* CartInteractor.swift in Sources */,
				693ABDE32EEEB14000DEBBEE /* CartRouter.swift in Sources */,
				693ABDA72EE4104D00DEBBEE /* MainViewController.swift in Sources */,
				693ABDD52EED5D8900DEBBEE /* RootRouter.swift in Sources */,
				693ABDA82EE4104D00DEBBEE /* MainPresenter.swift in Sources */,
				69DB2AD22EFFCADD003E00FB /* URLRequest+cURL.swift in Sources */,
				693ABD8C2EE1DFBC00DEBBEE /* AuthInteractor.swift in Sources */,
				693ABD9C2EE4100F00DEBBEE /* ProfileInteractor.swift in Sources */,
				69DB2AD72EFFCC28003E00FB /* Log.swift in Sources */,
				693ABDB02EE4155900DEBBEE /* TableViewModel.swift in Sources */,
				693ABD892EE1DFAA00DEBBEE /* AppDelegate.swift in Sources */,
				693ABD8B2EE1DFB900DEBBEE /* AuthViewController.swift in Sources */,
				693ABDE82EEEB14300DEBBEE /* ChatsPresenter.swift in Sources */,
				69DB2AE52EFFDC61003E00FB /* MultipartRequestBody.swift in Sources */,
				693ABDE92EEEB14300DEBBEE /* ChatsInteractor.swift in Sources */,
				693ABDEA2EEEB14300DEBBEE /* ChatsRouter.swift in Sources */,
				69DB2ADA2EFFCD5D003E00FB /* Endpoint.swift in Sources */,
				693ABDEB2EEEB14300DEBBEE /* ChatsViewController.swift in Sources */,
				693ABD8E2EE1DFC500DEBBEE /* AuthRouter.swift in Sources */,
				693ABDC22EE41D0D00DEBBEE /* ForgotRouter.swift in Sources */,
				693ABDAA2EE410D800DEBBEE /* TableView.swift in Sources */,
				693ABD8A2EE1DFAF00DEBBEE /* SceneDelegate.swift in Sources */,
				693ABDC42EE5838000DEBBEE /* UIColor.swift in Sources */,
				693ABD9A2EE40FE700DEBBEE /* ProfileViewController.swift in Sources */,
				69DB2AD52EFFCBA4003E00FB /* Serializer.swift in Sources */,
				693ABDBE2EE41D0000DEBBEE /* ForgotInteractor.swift in Sources */,
				693ABD912EE1DFD100DEBBEE /* Tap.swift in Sources */,
				693ABD922EE1DFD500DEBBEE /* Shark.swift in Sources */,
			);
			runOnlyForDeploymentPostprocessing = 0;
		};
/* End PBXSourcesBuildPhase section */

/* Begin XCBuildConfiguration section */
		3A1A75F52EDAF05B0011F378 /* Debug */ = {
			isa = XCBuildConfiguration;
			buildSettings = {
				ASSETCATALOG_COMPILER_APPICON_NAME = AppIcon;
				ASSETCATALOG_COMPILER_GLOBAL_ACCENT_COLOR_NAME = AccentColor;
				CODE_SIGN_STYLE = Automatic;
				CURRENT_PROJECT_VERSION = 1;
				DEVELOPMENT_TEAM = TU49UKVVFH;
				GENERATE_INFOPLIST_FILE = YES;
				INFOPLIST_FILE = "Cafe-iOS-Anton/Info.plist";
				INFOPLIST_KEY_UIApplicationSupportsIndirectInputEvents = YES;
				INFOPLIST_KEY_UILaunchStoryboardName = LaunchScreen;
				INFOPLIST_KEY_UISupportedInterfaceOrientations = UIInterfaceOrientationPortrait;
				INFOPLIST_KEY_UISupportedInterfaceOrientations_iPad = "UIInterfaceOrientationLandscapeLeft UIInterfaceOrientationLandscapeRight UIInterfaceOrientationPortrait UIInterfaceOrientationPortraitUpsideDown";
				IPHONEOS_DEPLOYMENT_TARGET = 15.6;
				LD_RUNPATH_SEARCH_PATHS = (
					"$(inherited)",
					"@executable_path/Frameworks",
				);
				MARKETING_VERSION = 1.0;
				PRODUCT_BUNDLE_IDENTIFIER = "xxx.Cafe-iOS-Anton";
				PRODUCT_NAME = "$(TARGET_NAME)";
				SWIFT_EMIT_LOC_STRINGS = YES;
				SWIFT_VERSION = 5.0;
				TARGETED_DEVICE_FAMILY = "1,2";
			};
			name = Debug;
		};
		3A1A75F62EDAF05B0011F378 /* Release */ = {
			isa = XCBuildConfiguration;
			buildSettings = {
				ASSETCATALOG_COMPILER_APPICON_NAME = AppIcon;
				ASSETCATALOG_COMPILER_GLOBAL_ACCENT_COLOR_NAME = AccentColor;
				CODE_SIGN_STYLE = Automatic;
				CURRENT_PROJECT_VERSION = 1;
				DEVELOPMENT_TEAM = TU49UKVVFH;
				GENERATE_INFOPLIST_FILE = YES;
				INFOPLIST_FILE = "Cafe-iOS-Anton/Info.plist";
				INFOPLIST_KEY_UIApplicationSupportsIndirectInputEvents = YES;
				INFOPLIST_KEY_UILaunchStoryboardName = LaunchScreen;
				INFOPLIST_KEY_UISupportedInterfaceOrientations = UIInterfaceOrientationPortrait;
				INFOPLIST_KEY_UISupportedInterfaceOrientations_iPad = "UIInterfaceOrientationLandscapeLeft UIInterfaceOrientationLandscapeRight UIInterfaceOrientationPortrait UIInterfaceOrientationPortraitUpsideDown";
				IPHONEOS_DEPLOYMENT_TARGET = 15.6;
				LD_RUNPATH_SEARCH_PATHS = (
					"$(inherited)",
					"@executable_path/Frameworks",
				);
				MARKETING_VERSION = 1.0;
				PRODUCT_BUNDLE_IDENTIFIER = "xxx.Cafe-iOS-Anton";
				PRODUCT_NAME = "$(TARGET_NAME)";
				SWIFT_EMIT_LOC_STRINGS = YES;
				SWIFT_VERSION = 5.0;
				TARGETED_DEVICE_FAMILY = "1,2";
			};
			name = Release;
		};
		3A1A75F72EDAF05B0011F378 /* Debug */ = {
			isa = XCBuildConfiguration;
			buildSettings = {
				ALWAYS_SEARCH_USER_PATHS = NO;
				ASSETCATALOG_COMPILER_GENERATE_SWIFT_ASSET_SYMBOL_EXTENSIONS = YES;
				CLANG_ANALYZER_NONNULL = YES;
				CLANG_ANALYZER_NUMBER_OBJECT_CONVERSION = YES_AGGRESSIVE;
				CLANG_CXX_LANGUAGE_STANDARD = "gnu++20";
				CLANG_ENABLE_MODULES = YES;
				CLANG_ENABLE_OBJC_ARC = YES;
				CLANG_ENABLE_OBJC_WEAK = YES;
				CLANG_WARN_BLOCK_CAPTURE_AUTORELEASING = YES;
				CLANG_WARN_BOOL_CONVERSION = YES;
				CLANG_WARN_COMMA = YES;
				CLANG_WARN_CONSTANT_CONVERSION = YES;
				CLANG_WARN_DEPRECATED_OBJC_IMPLEMENTATIONS = YES;
				CLANG_WARN_DIRECT_OBJC_ISA_USAGE = YES_ERROR;
				CLANG_WARN_DOCUMENTATION_COMMENTS = YES;
				CLANG_WARN_EMPTY_BODY = YES;
				CLANG_WARN_ENUM_CONVERSION = YES;
				CLANG_WARN_INFINITE_RECURSION = YES;
				CLANG_WARN_INT_CONVERSION = YES;
				CLANG_WARN_NON_LITERAL_NULL_CONVERSION = YES;
				CLANG_WARN_OBJC_IMPLICIT_RETAIN_SELF = YES;
				CLANG_WARN_OBJC_LITERAL_CONVERSION = YES;
				CLANG_WARN_OBJC_ROOT_CLASS = YES_ERROR;
				CLANG_WARN_QUOTED_INCLUDE_IN_FRAMEWORK_HEADER = YES;
				CLANG_WARN_RANGE_LOOP_ANALYSIS = YES;
				CLANG_WARN_STRICT_PROTOTYPES = YES;
				CLANG_WARN_SUSPICIOUS_MOVE = YES;
				CLANG_WARN_UNGUARDED_AVAILABILITY = YES_AGGRESSIVE;
				CLANG_WARN_UNREACHABLE_CODE = YES;
				CLANG_WARN__DUPLICATE_METHOD_MATCH = YES;
				COPY_PHASE_STRIP = NO;
				DEBUG_INFORMATION_FORMAT = dwarf;
				DEVELOPMENT_TEAM = 6634PV48FZ;
				ENABLE_STRICT_OBJC_MSGSEND = YES;
				ENABLE_TESTABILITY = YES;
				ENABLE_USER_SCRIPT_SANDBOXING = YES;
				GCC_C_LANGUAGE_STANDARD = gnu17;
				GCC_DYNAMIC_NO_PIC = NO;
				GCC_NO_COMMON_BLOCKS = YES;
				GCC_OPTIMIZATION_LEVEL = 0;
				GCC_PREPROCESSOR_DEFINITIONS = (
					"DEBUG=1",
					"$(inherited)",
				);
				GCC_WARN_64_TO_32_BIT_CONVERSION = YES;
				GCC_WARN_ABOUT_RETURN_TYPE = YES_ERROR;
				GCC_WARN_UNDECLARED_SELECTOR = YES;
				GCC_WARN_UNINITIALIZED_AUTOS = YES_AGGRESSIVE;
				GCC_WARN_UNUSED_FUNCTION = YES;
				GCC_WARN_UNUSED_VARIABLE = YES;
				IPHONEOS_DEPLOYMENT_TARGET = 18.5;
				LOCALIZATION_PREFERS_STRING_CATALOGS = YES;
				MTL_ENABLE_DEBUG_INFO = INCLUDE_SOURCE;
				MTL_FAST_MATH = YES;
				ONLY_ACTIVE_ARCH = YES;
				SDKROOT = iphoneos;
				SWIFT_ACTIVE_COMPILATION_CONDITIONS = "DEBUG $(inherited)";
				SWIFT_OPTIMIZATION_LEVEL = "-Onone";
			};
			name = Debug;
		};
		3A1A75F82EDAF05B0011F378 /* Release */ = {
			isa = XCBuildConfiguration;
			buildSettings = {
				ALWAYS_SEARCH_USER_PATHS = NO;
				ASSETCATALOG_COMPILER_GENERATE_SWIFT_ASSET_SYMBOL_EXTENSIONS = YES;
				CLANG_ANALYZER_NONNULL = YES;
				CLANG_ANALYZER_NUMBER_OBJECT_CONVERSION = YES_AGGRESSIVE;
				CLANG_CXX_LANGUAGE_STANDARD = "gnu++20";
				CLANG_ENABLE_MODULES = YES;
				CLANG_ENABLE_OBJC_ARC = YES;
				CLANG_ENABLE_OBJC_WEAK = YES;
				CLANG_WARN_BLOCK_CAPTURE_AUTORELEASING = YES;
				CLANG_WARN_BOOL_CONVERSION = YES;
				CLANG_WARN_COMMA = YES;
				CLANG_WARN_CONSTANT_CONVERSION = YES;
				CLANG_WARN_DEPRECATED_OBJC_IMPLEMENTATIONS = YES;
				CLANG_WARN_DIRECT_OBJC_ISA_USAGE = YES_ERROR;
				CLANG_WARN_DOCUMENTATION_COMMENTS = YES;
				CLANG_WARN_EMPTY_BODY = YES;
				CLANG_WARN_ENUM_CONVERSION = YES;
				CLANG_WARN_INFINITE_RECURSION = YES;
				CLANG_WARN_INT_CONVERSION = YES;
				CLANG_WARN_NON_LITERAL_NULL_CONVERSION = YES;
				CLANG_WARN_OBJC_IMPLICIT_RETAIN_SELF = YES;
				CLANG_WARN_OBJC_LITERAL_CONVERSION = YES;
				CLANG_WARN_OBJC_ROOT_CLASS = YES_ERROR;
				CLANG_WARN_QUOTED_INCLUDE_IN_FRAMEWORK_HEADER = YES;
				CLANG_WARN_RANGE_LOOP_ANALYSIS = YES;
				CLANG_WARN_STRICT_PROTOTYPES = YES;
				CLANG_WARN_SUSPICIOUS_MOVE = YES;
				CLANG_WARN_UNGUARDED_AVAILABILITY = YES_AGGRESSIVE;
				CLANG_WARN_UNREACHABLE_CODE = YES;
				CLANG_WARN__DUPLICATE_METHOD_MATCH = YES;
				COPY_PHASE_STRIP = NO;
				DEBUG_INFORMATION_FORMAT = "dwarf-with-dsym";
				DEVELOPMENT_TEAM = 6634PV48FZ;
				ENABLE_NS_ASSERTIONS = NO;
				ENABLE_STRICT_OBJC_MSGSEND = YES;
				ENABLE_USER_SCRIPT_SANDBOXING = YES;
				GCC_C_LANGUAGE_STANDARD = gnu17;
				GCC_NO_COMMON_BLOCKS = YES;
				GCC_WARN_64_TO_32_BIT_CONVERSION = YES;
				GCC_WARN_ABOUT_RETURN_TYPE = YES_ERROR;
				GCC_WARN_UNDECLARED_SELECTOR = YES;
				GCC_WARN_UNINITIALIZED_AUTOS = YES_AGGRESSIVE;
				GCC_WARN_UNUSED_FUNCTION = YES;
				GCC_WARN_UNUSED_VARIABLE = YES;
				IPHONEOS_DEPLOYMENT_TARGET = 18.5;
				LOCALIZATION_PREFERS_STRING_CATALOGS = YES;
				MTL_ENABLE_DEBUG_INFO = NO;
				MTL_FAST_MATH = YES;
				SDKROOT = iphoneos;
				SWIFT_COMPILATION_MODE = wholemodule;
				VALIDATE_PRODUCT = YES;
			};
			name = Release;
		};
/* End XCBuildConfiguration section */

/* Begin XCConfigurationList section */
		3A1A75DC2EDAF0590011F378 /* Build configuration list for PBXProject "Cafe-iOS-Anton" */ = {
			isa = XCConfigurationList;
			buildConfigurations = (
				3A1A75F72EDAF05B0011F378 /* Debug */,
				3A1A75F82EDAF05B0011F378 /* Release */,
			);
			defaultConfigurationIsVisible = 0;
			defaultConfigurationName = Release;
		};
		3A1A75F42EDAF05B0011F378 /* Build configuration list for PBXNativeTarget "Cafe-iOS-Anton" */ = {
			isa = XCConfigurationList;
			buildConfigurations = (
				3A1A75F52EDAF05B0011F378 /* Debug */,
				3A1A75F62EDAF05B0011F378 /* Release */,
			);
			defaultConfigurationIsVisible = 0;
			defaultConfigurationName = Release;
		};
/* End XCConfigurationList section */

/* Begin XCRemoteSwiftPackageReference section */
		3A1A75F92EDAF0EA0011F378 /* XCRemoteSwiftPackageReference "SnapKit" */ = {
			isa = XCRemoteSwiftPackageReference;
			repositoryURL = "https://github.com/SnapKit/SnapKit.git";
			requirement = {
				kind = upToNextMajorVersion;
				minimumVersion = 5.7.1;
			};
		};
/* End XCRemoteSwiftPackageReference section */

/* Begin XCSwiftPackageProductDependency section */
		3A1A75FA2EDAF0EA0011F378 /* SnapKit */ = {
			isa = XCSwiftPackageProductDependency;
			package = 3A1A75F92EDAF0EA0011F378 /* XCRemoteSwiftPackageReference "SnapKit" */;
			productName = SnapKit;
		};
/* End XCSwiftPackageProductDependency section */
	};
	rootObject = 3A1A75D92EDAF0590011F378 /* Project object */;
}
