// !$*UTF8*$!
{
	archiveVersion = 1;
	classes = {
	};
	objectVersion = 77;
	objects = {

/* Begin PBXBuildFile section */
		3A1A75FB2EDAF0EA0011F378 /* SnapKit in Frameworks */ = {isa = PBXBuildFile; productRef = 3A1A75FA2EDAF0EA0011F378 /* SnapKit */; };
		6918E2962F3884FC006347A0 /* SupportViewController.swift in Sources */ = {isa = PBXBuildFile; fileRef = 6918E2952F3884F5006347A0 /* SupportViewController.swift */; };
		6918E2982F388508006347A0 /* SupportInteractor.swift in Sources */ = {isa = PBXBuildFile; fileRef = 6918E2972F3884FF006347A0 /* SupportInteractor.swift */; };
		6918E29A2F38850F006347A0 /* SupportPresenter.swift in Sources */ = {isa = PBXBuildFile; fileRef = 6918E2992F38850B006347A0 /* SupportPresenter.swift */; };
		6918E29C2F388516006347A0 /* SupportRouter.swift in Sources */ = {isa = PBXBuildFile; fileRef = 6918E29B2F388512006347A0 /* SupportRouter.swift */; };
		6918E2A12F38852B006347A0 /* OrdersRouter.swift in Sources */ = {isa = PBXBuildFile; fileRef = 6918E2A02F38852B006347A0 /* OrdersRouter.swift */; };
		6918E2A22F38852B006347A0 /* OrdersViewController.swift in Sources */ = {isa = PBXBuildFile; fileRef = 6918E29D2F38852B006347A0 /* OrdersViewController.swift */; };
		6918E2A32F38852B006347A0 /* OrdersPresenter.swift in Sources */ = {isa = PBXBuildFile; fileRef = 6918E29F2F38852B006347A0 /* OrdersPresenter.swift */; };
		6918E2A42F38852B006347A0 /* OrdersInteractor.swift in Sources */ = {isa = PBXBuildFile; fileRef = 6918E29E2F38852B006347A0 /* OrdersInteractor.swift */; };
		6918E2A92F38855B006347A0 /* PrivacyRouter.swift in Sources */ = {isa = PBXBuildFile; fileRef = 6918E2A82F38855B006347A0 /* PrivacyRouter.swift */; };
		6918E2AA2F38855B006347A0 /* PrivacyPresenter.swift in Sources */ = {isa = PBXBuildFile; fileRef = 6918E2A72F38855B006347A0 /* PrivacyPresenter.swift */; };
		6918E2AB2F38855B006347A0 /* PrivacyInteractor.swift in Sources */ = {isa = PBXBuildFile; fileRef = 6918E2A62F38855B006347A0 /* PrivacyInteractor.swift */; };
		6918E2AC2F38855B006347A0 /* PrivacyViewController.swift in Sources */ = {isa = PBXBuildFile; fileRef = 6918E2A52F38855B006347A0 /* PrivacyViewController.swift */; };
		6918E2B12F388592006347A0 /* SettingsInteractor.swift in Sources */ = {isa = PBXBuildFile; fileRef = 6918E2AE2F388592006347A0 /* SettingsInteractor.swift */; };
		6918E2B22F388592006347A0 /* SettingsPresenter.swift in Sources */ = {isa = PBXBuildFile; fileRef = 6918E2AF2F388592006347A0 /* SettingsPresenter.swift */; };
		6918E2B32F388592006347A0 /* SettingsViewController.swift in Sources */ = {isa = PBXBuildFile; fileRef = 6918E2AD2F388592006347A0 /* SettingsViewController.swift */; };
		6918E2B42F388592006347A0 /* SettingsRouter.swift in Sources */ = {isa = PBXBuildFile; fileRef = 6918E2B02F388592006347A0 /* SettingsRouter.swift */; };
		691CEF112F2DEEDF00B17E1B /* ProfileViewController.swift in Sources */ = {isa = PBXBuildFile; fileRef = 691CEF0D2F2DEEDF00B17E1B /* ProfileViewController.swift */; };
		691CEF122F2DEEDF00B17E1B /* ProfileInteractor.swift in Sources */ = {isa = PBXBuildFile; fileRef = 691CEF0E2F2DEEDF00B17E1B /* ProfileInteractor.swift */; };
		691CEF132F2DEEDF00B17E1B /* ProfilePresenter.swift in Sources */ = {isa = PBXBuildFile; fileRef = 691CEF0F2F2DEEDF00B17E1B /* ProfilePresenter.swift */; };
		691CEF142F2DEEDF00B17E1B /* ProfileRouter.swift in Sources */ = {isa = PBXBuildFile; fileRef = 691CEF102F2DEEDF00B17E1B /* ProfileRouter.swift */; };
		693ABD892EE1DFAA00DEBBEE /* AppDelegate.swift in Sources */ = {isa = PBXBuildFile; fileRef = 693ABD792EE1DB9600DEBBEE /* AppDelegate.swift */; };
		693ABD8A2EE1DFAF00DEBBEE /* SceneDelegate.swift in Sources */ = {isa = PBXBuildFile; fileRef = 693ABD7A2EE1DB9A00DEBBEE /* SceneDelegate.swift */; };
		693ABD8B2EE1DFB900DEBBEE /* AuthViewController.swift in Sources */ = {isa = PBXBuildFile; fileRef = 693ABD822EE1DC5A00DEBBEE /* AuthViewController.swift */; };
		693ABD8C2EE1DFBC00DEBBEE /* AuthInteractor.swift in Sources */ = {isa = PBXBuildFile; fileRef = 693ABD7F2EE1DC5A00DEBBEE /* AuthInteractor.swift */; };
		693ABD8D2EE1DFC100DEBBEE /* AuthPresenter.swift in Sources */ = {isa = PBXBuildFile; fileRef = 693ABD802EE1DC5A00DEBBEE /* AuthPresenter.swift */; };
		693ABD8E2EE1DFC500DEBBEE /* AuthRouter.swift in Sources */ = {isa = PBXBuildFile; fileRef = 693ABD812EE1DC5A00DEBBEE /* AuthRouter.swift */; };
		693ABD902EE1DFCD00DEBBEE /* Assets.xcassets in Resources */ = {isa = PBXBuildFile; fileRef = 693ABD862EE1DDA700DEBBEE /* Assets.xcassets */; };
		693ABD912EE1DFD100DEBBEE /* Tap.swift in Sources */ = {isa = PBXBuildFile; fileRef = 693ABD842EE1DCEB00DEBBEE /* Tap.swift */; };
		693ABD922EE1DFD500DEBBEE /* Shark.swift in Sources */ = {isa = PBXBuildFile; fileRef = 693ABD852EE1DD2A00DEBBEE /* Shark.swift */; };
		693ABD962EE1EBC400DEBBEE /* LaunchScreen.storyboard in Resources */ = {isa = PBXBuildFile; fileRef = 693ABD952EE1EBC400DEBBEE /* LaunchScreen.storyboard */; };
		693ABD9A2EE40FE700DEBBEE /* MoreViewController.swift in Sources */ = {isa = PBXBuildFile; fileRef = 693ABD992EE40FDA00DEBBEE /* MoreViewController.swift */; };
		693ABD9C2EE4100F00DEBBEE /* MoreInteractor.swift in Sources */ = {isa = PBXBuildFile; fileRef = 693ABD9B2EE40FF300DEBBEE /* MoreInteractor.swift */; };
		693ABD9E2EE4101900DEBBEE /* MorePresenter.swift in Sources */ = {isa = PBXBuildFile; fileRef = 693ABD9D2EE4101200DEBBEE /* MorePresenter.swift */; };
		693ABDA02EE4101F00DEBBEE /* MoreRouter.swift in Sources */ = {isa = PBXBuildFile; fileRef = 693ABD9F2EE4101C00DEBBEE /* MoreRouter.swift */; };
		693ABDA52EE4104D00DEBBEE /* MainInteractor.swift in Sources */ = {isa = PBXBuildFile; fileRef = 693ABDA22EE4104D00DEBBEE /* MainInteractor.swift */; };
		693ABDA62EE4104D00DEBBEE /* MainRouter.swift in Sources */ = {isa = PBXBuildFile; fileRef = 693ABDA42EE4104D00DEBBEE /* MainRouter.swift */; };
		693ABDA72EE4104D00DEBBEE /* MainViewController.swift in Sources */ = {isa = PBXBuildFile; fileRef = 693ABDA12EE4104D00DEBBEE /* MainViewController.swift */; };
		693ABDA82EE4104D00DEBBEE /* MainPresenter.swift in Sources */ = {isa = PBXBuildFile; fileRef = 693ABDA32EE4104D00DEBBEE /* MainPresenter.swift */; };
		693ABDAA2EE410D800DEBBEE /* TableView.swift in Sources */ = {isa = PBXBuildFile; fileRef = 693ABDA92EE410CD00DEBBEE /* TableView.swift */; };
		693ABDAC2EE413C200DEBBEE /* TablePresenter.swift in Sources */ = {isa = PBXBuildFile; fileRef = 693ABDAB2EE413BD00DEBBEE /* TablePresenter.swift */; };
		693ABDAE2EE4143000DEBBEE /* TableViewCell.swift in Sources */ = {isa = PBXBuildFile; fileRef = 693ABDAD2EE4142B00DEBBEE /* TableViewCell.swift */; };
		693ABDB02EE4155900DEBBEE /* TableViewModel.swift in Sources */ = {isa = PBXBuildFile; fileRef = 693ABDAF2EE4155400DEBBEE /* TableViewModel.swift */; };
		693ABDB22EE4156600DEBBEE /* TableViewItem.swift in Sources */ = {isa = PBXBuildFile; fileRef = 693ABDB12EE4156100DEBBEE /* TableViewItem.swift */; };
		693ABDB92EE418FE00DEBBEE /* AuthService.swift in Sources */ = {isa = PBXBuildFile; fileRef = 693ABDB82EE418F600DEBBEE /* AuthService.swift */; };
		693ABDBC2EE41CEC00DEBBEE /* ForgotViewController.swift in Sources */ = {isa = PBXBuildFile; fileRef = 693ABDBB2EE41CE000DEBBEE /* ForgotViewController.swift */; };
		693ABDBE2EE41D0000DEBBEE /* ForgotInteractor.swift in Sources */ = {isa = PBXBuildFile; fileRef = 693ABDBD2EE41CF200DEBBEE /* ForgotInteractor.swift */; };
		693ABDC02EE41D0700DEBBEE /* ForgotPresenter.swift in Sources */ = {isa = PBXBuildFile; fileRef = 693ABDBF2EE41D0300DEBBEE /* ForgotPresenter.swift */; };
		693ABDC22EE41D0D00DEBBEE /* ForgotRouter.swift in Sources */ = {isa = PBXBuildFile; fileRef = 693ABDC12EE41D0A00DEBBEE /* ForgotRouter.swift */; };
		693ABDC42EE5838000DEBBEE /* UIColor.swift in Sources */ = {isa = PBXBuildFile; fileRef = 693ABDC32EE5837800DEBBEE /* UIColor.swift */; };
		693ABDD02EED4B8000DEBBEE /* RegistrationPresenter.swift in Sources */ = {isa = PBXBuildFile; fileRef = 693ABDCE2EED4B8000DEBBEE /* RegistrationPresenter.swift */; };
		693ABDD12EED4B8000DEBBEE /* RegistrationViewController.swift in Sources */ = {isa = PBXBuildFile; fileRef = 693ABDCC2EED4B8000DEBBEE /* RegistrationViewController.swift */; };
		693ABDD22EED4B8000DEBBEE /* RegistrationInteractor.swift in Sources */ = {isa = PBXBuildFile; fileRef = 693ABDCD2EED4B8000DEBBEE /* RegistrationInteractor.swift */; };
		693ABDD32EED4B8000DEBBEE /* RegistrationRouter.swift in Sources */ = {isa = PBXBuildFile; fileRef = 693ABDCF2EED4B8000DEBBEE /* RegistrationRouter.swift */; };
		693ABDD52EED5D8900DEBBEE /* RootRouter.swift in Sources */ = {isa = PBXBuildFile; fileRef = 693ABDD42EED5D7C00DEBBEE /* RootRouter.swift */; };
		693ABDD72EED5E0D00DEBBEE /* CustomTabBarController.swift in Sources */ = {isa = PBXBuildFile; fileRef = 693ABDD62EED5DF800DEBBEE /* CustomTabBarController.swift */; };
		693ABDE02EEEB14000DEBBEE /* CartViewController.swift in Sources */ = {isa = PBXBuildFile; fileRef = 693ABDDC2EEEB14000DEBBEE /* CartViewController.swift */; };
		693ABDE12EEEB14000DEBBEE /* CartPresenter.swift in Sources */ = {isa = PBXBuildFile; fileRef = 693ABDDE2EEEB14000DEBBEE /* CartPresenter.swift */; };
		693ABDE22EEEB14000DEBBEE /* CartInteractor.swift in Sources */ = {isa = PBXBuildFile; fileRef = 693ABDDD2EEEB14000DEBBEE /* CartInteractor.swift */; };
		693ABDE32EEEB14000DEBBEE /* CartRouter.swift in Sources */ = {isa = PBXBuildFile; fileRef = 693ABDDF2EEEB14000DEBBEE /* CartRouter.swift */; };
		693ABDE82EEEB14300DEBBEE /* ChatsPresenter.swift in Sources */ = {isa = PBXBuildFile; fileRef = 693ABDE62EEEB14300DEBBEE /* ChatsPresenter.swift */; };
		693ABDE92EEEB14300DEBBEE /* ChatsInteractor.swift in Sources */ = {isa = PBXBuildFile; fileRef = 693ABDE52EEEB14300DEBBEE /* ChatsInteractor.swift */; };
		693ABDEA2EEEB14300DEBBEE /* ChatsRouter.swift in Sources */ = {isa = PBXBuildFile; fileRef = 693ABDE72EEEB14300DEBBEE /* ChatsRouter.swift */; };
		693ABDEB2EEEB14300DEBBEE /* ChatsViewController.swift in Sources */ = {isa = PBXBuildFile; fileRef = 693ABDE42EEEB14300DEBBEE /* ChatsViewController.swift */; };
		693ABDF02EEEB14500DEBBEE /* MenuInteractor.swift in Sources */ = {isa = PBXBuildFile; fileRef = 693ABDED2EEEB14500DEBBEE /* MenuInteractor.swift */; };
		693ABDF12EEEB14500DEBBEE /* MenuPresenter.swift in Sources */ = {isa = PBXBuildFile; fileRef = 693ABDEE2EEEB14500DEBBEE /* MenuPresenter.swift */; };
		693ABDF22EEEB14500DEBBEE /* MenuRouter.swift in Sources */ = {isa = PBXBuildFile; fileRef = 693ABDEF2EEEB14500DEBBEE /* MenuRouter.swift */; };
		693ABDF32EEEB14500DEBBEE /* MenuViewController.swift in Sources */ = {isa = PBXBuildFile; fileRef = 693ABDEC2EEEB14500DEBBEE /* MenuViewController.swift */; };
		694A832C2F139237002CE2CD /* HTTPRequestManager.swift in Sources */ = {isa = PBXBuildFile; fileRef = 694A832B2F139224002CE2CD /* HTTPRequestManager.swift */; };
		69541F1B2F3C7A8B00A86094 /* ActualOrdersRouter.swift in Sources */ = {isa = PBXBuildFile; fileRef = 69541F1A2F3C7A8B00A86094 /* ActualOrdersRouter.swift */; };
		69541F1C2F3C7A8B00A86094 /* ActualOrdersInteractor.swift in Sources */ = {isa = PBXBuildFile; fileRef = 69541F182F3C7A8B00A86094 /* ActualOrdersInteractor.swift */; };
		69541F1D2F3C7A8B00A86094 /* ActualOrdersPresenter.swift in Sources */ = {isa = PBXBuildFile; fileRef = 69541F192F3C7A8B00A86094 /* ActualOrdersPresenter.swift */; };
		69541F1E2F3C7A8B00A86094 /* ActualOrdersViewController.swift in Sources */ = {isa = PBXBuildFile; fileRef = 69541F172F3C7A8B00A86094 /* ActualOrdersViewController.swift */; };
		69541F232F3C7A8D00A86094 /* CompletedOrdersViewController.swift in Sources */ = {isa = PBXBuildFile; fileRef = 69541F1F2F3C7A8D00A86094 /* CompletedOrdersViewController.swift */; };
		69541F242F3C7A8D00A86094 /* CompletedOrdersPresenter.swift in Sources */ = {isa = PBXBuildFile; fileRef = 69541F212F3C7A8D00A86094 /* CompletedOrdersPresenter.swift */; };
		69541F252F3C7A8D00A86094 /* CompletedOrdersInteractor.swift in Sources */ = {isa = PBXBuildFile; fileRef = 69541F202F3C7A8D00A86094 /* CompletedOrdersInteractor.swift */; };
		69541F262F3C7A8D00A86094 /* CompletedOrdersRouter.swift in Sources */ = {isa = PBXBuildFile; fileRef = 69541F222F3C7A8D00A86094 /* CompletedOrdersRouter.swift */; };
		697A39D92F2DF1CE00C00BD0 /* ValidatedTextField.swift in Sources */ = {isa = PBXBuildFile; fileRef = 697A39D82F2DF1AC00C00BD0 /* ValidatedTextField.swift */; };
		697D7A222F41BBEF00B4BB75 /* CompletedOrdersTableViewCell.swift in Sources */ = {isa = PBXBuildFile; fileRef = 697D7A212F41BBEB00B4BB75 /* CompletedOrdersTableViewCell.swift */; };
		697D7A242F41C22800B4BB75 /* DateHelper.swift in Sources */ = {isa = PBXBuildFile; fileRef = 697D7A232F41C22200B4BB75 /* DateHelper.swift */; };
		697D7A262F41C99800B4BB75 /* OrdersService.swift in Sources */ = {isa = PBXBuildFile; fileRef = 697D7A252F41C98800B4BB75 /* OrdersService.swift */; };
		697D7A282F41C9A300B4BB75 /* OrdersEndpoint.swift in Sources */ = {isa = PBXBuildFile; fileRef = 697D7A272F41C9A000B4BB75 /* OrdersEndpoint.swift */; };
		69B004ED2F1B7BC3008C0B09 /* NetworkService.swift in Sources */ = {isa = PBXBuildFile; fileRef = 69B004EC2F1B7BC2008C0B09 /* NetworkService.swift */; };
		69B004EF2F1CD1C4008C0B09 /* AuthToken.swift in Sources */ = {isa = PBXBuildFile; fileRef = 69B004EE2F1CD1BF008C0B09 /* AuthToken.swift */; };
		69B004F32F1CD867008C0B09 /* AuthEndPoint.swift in Sources */ = {isa = PBXBuildFile; fileRef = 69B004F22F1CD861008C0B09 /* AuthEndPoint.swift */; };
		69B004F62F1CE368008C0B09 /* GRDB.swift in Sources */ = {isa = PBXBuildFile; fileRef = 69B004F52F1CE364008C0B09 /* GRDB.swift */; };
		69B004FE2F1CE59B008C0B09 /* GRDB in Frameworks */ = {isa = PBXBuildFile; productRef = 69B004FD2F1CE59B008C0B09 /* GRDB */; };
		69B005042F24AF1E008C0B09 /* User.swift in Sources */ = {isa = PBXBuildFile; fileRef = 69B005032F24AF1A008C0B09 /* User.swift */; };
		69B005062F24BAA0008C0B09 /* Order.swift in Sources */ = {isa = PBXBuildFile; fileRef = 69B005052F24BA8F008C0B09 /* Order.swift */; };
		69DB2A6B2EF68BA6003E00FB /* UserAuth.swift in Sources */ = {isa = PBXBuildFile; fileRef = 69DB2A6A2EF68B9E003E00FB /* UserAuth.swift */; };
		69DB2ACE2EFFCA54003E00FB /* KeyChain.swift in Sources */ = {isa = PBXBuildFile; fileRef = 69DB2ACD2EFFCA4F003E00FB /* KeyChain.swift */; };
		69DB2AD22EFFCADD003E00FB /* URLRequest+cURL.swift in Sources */ = {isa = PBXBuildFile; fileRef = 69DB2AD12EFFCAC1003E00FB /* URLRequest+cURL.swift */; };
		69DB2AD52EFFCBA4003E00FB /* Serializer.swift in Sources */ = {isa = PBXBuildFile; fileRef = 69DB2AD42EFFCBA3003E00FB /* Serializer.swift */; };
		69DB2AD72EFFCC28003E00FB /* Log.swift in Sources */ = {isa = PBXBuildFile; fileRef = 69DB2AD62EFFCC19003E00FB /* Log.swift */; };
		69DB2ADA2EFFCD5D003E00FB /* Endpoint.swift in Sources */ = {isa = PBXBuildFile; fileRef = 69DB2AD92EFFCD5A003E00FB /* Endpoint.swift */; };
		69DB2ADC2EFFCD96003E00FB /* EndpointBody.swift in Sources */ = {isa = PBXBuildFile; fileRef = 69DB2ADB2EFFCD8F003E00FB /* EndpointBody.swift */; };
		69DB2ADF2EFFD065003E00FB /* HTTP.swift in Sources */ = {isa = PBXBuildFile; fileRef = 69DB2ADE2EFFD060003E00FB /* HTTP.swift */; };
		69DB2AE32EFFDC4D003E00FB /* MultipartRequestBoundary.swift in Sources */ = {isa = PBXBuildFile; fileRef = 69DB2AE22EFFDC39003E00FB /* MultipartRequestBoundary.swift */; };
		69DB2AE52EFFDC61003E00FB /* MultipartRequestBody.swift in Sources */ = {isa = PBXBuildFile; fileRef = 69DB2AE42EFFDC5E003E00FB /* MultipartRequestBody.swift */; };
		69DB2AE72EFFDCDB003E00FB /* MultipartRequestPartType.swift in Sources */ = {isa = PBXBuildFile; fileRef = 69DB2AE62EFFDCD9003E00FB /* MultipartRequestPartType.swift */; };
		69DB2AE92EFFDCE9003E00FB /* MultipartRequestPartString.swift in Sources */ = {isa = PBXBuildFile; fileRef = 69DB2AE82EFFDCE8003E00FB /* MultipartRequestPartString.swift */; };
		69DB2AEB2EFFDCF7003E00FB /* MultipartRequestPartFile.swift in Sources */ = {isa = PBXBuildFile; fileRef = 69DB2AEA2EFFDCF5003E00FB /* MultipartRequestPartFile.swift */; };
/* End PBXBuildFile section */

/* Begin PBXFileReference section */
		3A1A75E12EDAF0590011F378 /* Cafe-iOS-Anton.app */ = {isa = PBXFileReference; explicitFileType = wrapper.application; includeInIndex = 0; path = "Cafe-iOS-Anton.app"; sourceTree = BUILT_PRODUCTS_DIR; };
		6918E2952F3884F5006347A0 /* SupportViewController.swift */ = {isa = PBXFileReference; lastKnownFileType = sourcecode.swift; path = SupportViewController.swift; sourceTree = "<group>"; };
		6918E2972F3884FF006347A0 /* SupportInteractor.swift */ = {isa = PBXFileReference; lastKnownFileType = sourcecode.swift; path = SupportInteractor.swift; sourceTree = "<group>"; };
		6918E2992F38850B006347A0 /* SupportPresenter.swift */ = {isa = PBXFileReference; lastKnownFileType = sourcecode.swift; path = SupportPresenter.swift; sourceTree = "<group>"; };
		6918E29B2F388512006347A0 /* SupportRouter.swift */ = {isa = PBXFileReference; lastKnownFileType = sourcecode.swift; path = SupportRouter.swift; sourceTree = "<group>"; };
		6918E29D2F38852B006347A0 /* OrdersViewController.swift */ = {isa = PBXFileReference; lastKnownFileType = sourcecode.swift; path = OrdersViewController.swift; sourceTree = "<group>"; };
		6918E29E2F38852B006347A0 /* OrdersInteractor.swift */ = {isa = PBXFileReference; lastKnownFileType = sourcecode.swift; path = OrdersInteractor.swift; sourceTree = "<group>"; };
		6918E29F2F38852B006347A0 /* OrdersPresenter.swift */ = {isa = PBXFileReference; lastKnownFileType = sourcecode.swift; path = OrdersPresenter.swift; sourceTree = "<group>"; };
		6918E2A02F38852B006347A0 /* OrdersRouter.swift */ = {isa = PBXFileReference; lastKnownFileType = sourcecode.swift; path = OrdersRouter.swift; sourceTree = "<group>"; };
		6918E2A52F38855B006347A0 /* PrivacyViewController.swift */ = {isa = PBXFileReference; lastKnownFileType = sourcecode.swift; path = PrivacyViewController.swift; sourceTree = "<group>"; };
		6918E2A62F38855B006347A0 /* PrivacyInteractor.swift */ = {isa = PBXFileReference; lastKnownFileType = sourcecode.swift; path = PrivacyInteractor.swift; sourceTree = "<group>"; };
		6918E2A72F38855B006347A0 /* PrivacyPresenter.swift */ = {isa = PBXFileReference; lastKnownFileType = sourcecode.swift; path = PrivacyPresenter.swift; sourceTree = "<group>"; };
		6918E2A82F38855B006347A0 /* PrivacyRouter.swift */ = {isa = PBXFileReference; lastKnownFileType = sourcecode.swift; path = PrivacyRouter.swift; sourceTree = "<group>"; };
		6918E2AD2F388592006347A0 /* SettingsViewController.swift */ = {isa = PBXFileReference; lastKnownFileType = sourcecode.swift; path = SettingsViewController.swift; sourceTree = "<group>"; };
		6918E2AE2F388592006347A0 /* SettingsInteractor.swift */ = {isa = PBXFileReference; lastKnownFileType = sourcecode.swift; path = SettingsInteractor.swift; sourceTree = "<group>"; };
		6918E2AF2F388592006347A0 /* SettingsPresenter.swift */ = {isa = PBXFileReference; lastKnownFileType = sourcecode.swift; path = SettingsPresenter.swift; sourceTree = "<group>"; };
		6918E2B02F388592006347A0 /* SettingsRouter.swift */ = {isa = PBXFileReference; lastKnownFileType = sourcecode.swift; path = SettingsRouter.swift; sourceTree = "<group>"; };
		691CEF0D2F2DEEDF00B17E1B /* ProfileViewController.swift */ = {isa = PBXFileReference; lastKnownFileType = sourcecode.swift; path = ProfileViewController.swift; sourceTree = "<group>"; };
		691CEF0E2F2DEEDF00B17E1B /* ProfileInteractor.swift */ = {isa = PBXFileReference; lastKnownFileType = sourcecode.swift; path = ProfileInteractor.swift; sourceTree = "<group>"; };
		691CEF0F2F2DEEDF00B17E1B /* ProfilePresenter.swift */ = {isa = PBXFileReference; lastKnownFileType = sourcecode.swift; path = ProfilePresenter.swift; sourceTree = "<group>"; };
		691CEF102F2DEEDF00B17E1B /* ProfileRouter.swift */ = {isa = PBXFileReference; lastKnownFileType = sourcecode.swift; path = ProfileRouter.swift; sourceTree = "<group>"; };
		693ABD792EE1DB9600DEBBEE /* AppDelegate.swift */ = {isa = PBXFileReference; lastKnownFileType = sourcecode.swift; path = AppDelegate.swift; sourceTree = "<group>"; };
		693ABD7A2EE1DB9A00DEBBEE /* SceneDelegate.swift */ = {isa = PBXFileReference; lastKnownFileType = sourcecode.swift; path = SceneDelegate.swift; sourceTree = "<group>"; };
		693ABD7F2EE1DC5A00DEBBEE /* AuthInteractor.swift */ = {isa = PBXFileReference; lastKnownFileType = sourcecode.swift; path = AuthInteractor.swift; sourceTree = "<group>"; };
		693ABD802EE1DC5A00DEBBEE /* AuthPresenter.swift */ = {isa = PBXFileReference; lastKnownFileType = sourcecode.swift; path = AuthPresenter.swift; sourceTree = "<group>"; };
		693ABD812EE1DC5A00DEBBEE /* AuthRouter.swift */ = {isa = PBXFileReference; lastKnownFileType = sourcecode.swift; path = AuthRouter.swift; sourceTree = "<group>"; };
		693ABD822EE1DC5A00DEBBEE /* AuthViewController.swift */ = {isa = PBXFileReference; lastKnownFileType = sourcecode.swift; path = AuthViewController.swift; sourceTree = "<group>"; };
		693ABD832EE1DCDF00DEBBEE /* Info.plist */ = {isa = PBXFileReference; lastKnownFileType = text.plist.xml; path = Info.plist; sourceTree = "<group>"; };
		693ABD842EE1DCEB00DEBBEE /* Tap.swift */ = {isa = PBXFileReference; lastKnownFileType = sourcecode.swift; path = Tap.swift; sourceTree = "<group>"; };
		693ABD852EE1DD2A00DEBBEE /* Shark.swift */ = {isa = PBXFileReference; lastKnownFileType = sourcecode.swift; path = Shark.swift; sourceTree = "<group>"; };
		693ABD862EE1DDA700DEBBEE /* Assets.xcassets */ = {isa = PBXFileReference; lastKnownFileType = folder.assetcatalog; path = Assets.xcassets; sourceTree = "<group>"; };
		693ABD952EE1EBC400DEBBEE /* LaunchScreen.storyboard */ = {isa = PBXFileReference; lastKnownFileType = file.storyboard; path = LaunchScreen.storyboard; sourceTree = "<group>"; };
		693ABD992EE40FDA00DEBBEE /* MoreViewController.swift */ = {isa = PBXFileReference; lastKnownFileType = sourcecode.swift; path = MoreViewController.swift; sourceTree = "<group>"; };
		693ABD9B2EE40FF300DEBBEE /* MoreInteractor.swift */ = {isa = PBXFileReference; lastKnownFileType = sourcecode.swift; path = MoreInteractor.swift; sourceTree = "<group>"; };
		693ABD9D2EE4101200DEBBEE /* MorePresenter.swift */ = {isa = PBXFileReference; lastKnownFileType = sourcecode.swift; path = MorePresenter.swift; sourceTree = "<group>"; };
		693ABD9F2EE4101C00DEBBEE /* MoreRouter.swift */ = {isa = PBXFileReference; lastKnownFileType = sourcecode.swift; path = MoreRouter.swift; sourceTree = "<group>"; };
		693ABDA12EE4104D00DEBBEE /* MainViewController.swift */ = {isa = PBXFileReference; lastKnownFileType = sourcecode.swift; path = MainViewController.swift; sourceTree = "<group>"; };
		693ABDA22EE4104D00DEBBEE /* MainInteractor.swift */ = {isa = PBXFileReference; lastKnownFileType = sourcecode.swift; path = MainInteractor.swift; sourceTree = "<group>"; };
		693ABDA32EE4104D00DEBBEE /* MainPresenter.swift */ = {isa = PBXFileReference; lastKnownFileType = sourcecode.swift; path = MainPresenter.swift; sourceTree = "<group>"; };
		693ABDA42EE4104D00DEBBEE /* MainRouter.swift */ = {isa = PBXFileReference; lastKnownFileType = sourcecode.swift; path = MainRouter.swift; sourceTree = "<group>"; };
		693ABDA92EE410CD00DEBBEE /* TableView.swift */ = {isa = PBXFileReference; lastKnownFileType = sourcecode.swift; path = TableView.swift; sourceTree = "<group>"; };
		693ABDAB2EE413BD00DEBBEE /* TablePresenter.swift */ = {isa = PBXFileReference; lastKnownFileType = sourcecode.swift; path = TablePresenter.swift; sourceTree = "<group>"; };
		693ABDAD2EE4142B00DEBBEE /* TableViewCell.swift */ = {isa = PBXFileReference; lastKnownFileType = sourcecode.swift; path = TableViewCell.swift; sourceTree = "<group>"; };
		693ABDAF2EE4155400DEBBEE /* TableViewModel.swift */ = {isa = PBXFileReference; lastKnownFileType = sourcecode.swift; path = TableViewModel.swift; sourceTree = "<group>"; };
		693ABDB12EE4156100DEBBEE /* TableViewItem.swift */ = {isa = PBXFileReference; lastKnownFileType = sourcecode.swift; path = TableViewItem.swift; sourceTree = "<group>"; };
		693ABDB82EE418F600DEBBEE /* AuthService.swift */ = {isa = PBXFileReference; lastKnownFileType = sourcecode.swift; path = AuthService.swift; sourceTree = "<group>"; };
		693ABDBB2EE41CE000DEBBEE /* ForgotViewController.swift */ = {isa = PBXFileReference; lastKnownFileType = sourcecode.swift; path = ForgotViewController.swift; sourceTree = "<group>"; };
		693ABDBD2EE41CF200DEBBEE /* ForgotInteractor.swift */ = {isa = PBXFileReference; lastKnownFileType = sourcecode.swift; path = ForgotInteractor.swift; sourceTree = "<group>"; };
		693ABDBF2EE41D0300DEBBEE /* ForgotPresenter.swift */ = {isa = PBXFileReference; lastKnownFileType = sourcecode.swift; path = ForgotPresenter.swift; sourceTree = "<group>"; };
		693ABDC12EE41D0A00DEBBEE /* ForgotRouter.swift */ = {isa = PBXFileReference; lastKnownFileType = sourcecode.swift; path = ForgotRouter.swift; sourceTree = "<group>"; };
		693ABDC32EE5837800DEBBEE /* UIColor.swift */ = {isa = PBXFileReference; lastKnownFileType = sourcecode.swift; path = UIColor.swift; sourceTree = "<group>"; };
		693ABDCC2EED4B8000DEBBEE /* RegistrationViewController.swift */ = {isa = PBXFileReference; lastKnownFileType = sourcecode.swift; path = RegistrationViewController.swift; sourceTree = "<group>"; };
		693ABDCD2EED4B8000DEBBEE /* RegistrationInteractor.swift */ = {isa = PBXFileReference; lastKnownFileType = sourcecode.swift; path = RegistrationInteractor.swift; sourceTree = "<group>"; };
		693ABDCE2EED4B8000DEBBEE /* RegistrationPresenter.swift */ = {isa = PBXFileReference; lastKnownFileType = sourcecode.swift; path = RegistrationPresenter.swift; sourceTree = "<group>"; };
		693ABDCF2EED4B8000DEBBEE /* RegistrationRouter.swift */ = {isa = PBXFileReference; lastKnownFileType = sourcecode.swift; path = RegistrationRouter.swift; sourceTree = "<group>"; };
		693ABDD42EED5D7C00DEBBEE /* RootRouter.swift */ = {isa = PBXFileReference; lastKnownFileType = sourcecode.swift; path = RootRouter.swift; sourceTree = "<group>"; };
		693ABDD62EED5DF800DEBBEE /* CustomTabBarController.swift */ = {isa = PBXFileReference; lastKnownFileType = sourcecode.swift; path = CustomTabBarController.swift; sourceTree = "<group>"; };
		693ABDDC2EEEB14000DEBBEE /* CartViewController.swift */ = {isa = PBXFileReference; lastKnownFileType = sourcecode.swift; path = CartViewController.swift; sourceTree = "<group>"; };
		693ABDDD2EEEB14000DEBBEE /* CartInteractor.swift */ = {isa = PBXFileReference; lastKnownFileType = sourcecode.swift; path = CartInteractor.swift; sourceTree = "<group>"; };
		693ABDDE2EEEB14000DEBBEE /* CartPresenter.swift */ = {isa = PBXFileReference; lastKnownFileType = sourcecode.swift; path = CartPresenter.swift; sourceTree = "<group>"; };
		693ABDDF2EEEB14000DEBBEE /* CartRouter.swift */ = {isa = PBXFileReference; lastKnownFileType = sourcecode.swift; path = CartRouter.swift; sourceTree = "<group>"; };
		693ABDE42EEEB14300DEBBEE /* ChatsViewController.swift */ = {isa = PBXFileReference; lastKnownFileType = sourcecode.swift; path = ChatsViewController.swift; sourceTree = "<group>"; };
		693ABDE52EEEB14300DEBBEE /* ChatsInteractor.swift */ = {isa = PBXFileReference; lastKnownFileType = sourcecode.swift; path = ChatsInteractor.swift; sourceTree = "<group>"; };
		693ABDE62EEEB14300DEBBEE /* ChatsPresenter.swift */ = {isa = PBXFileReference; lastKnownFileType = sourcecode.swift; path = ChatsPresenter.swift; sourceTree = "<group>"; };
		693ABDE72EEEB14300DEBBEE /* ChatsRouter.swift */ = {isa = PBXFileReference; lastKnownFileType = sourcecode.swift; path = ChatsRouter.swift; sourceTree = "<group>"; };
		693ABDEC2EEEB14500DEBBEE /* MenuViewController.swift */ = {isa = PBXFileReference; lastKnownFileType = sourcecode.swift; path = MenuViewController.swift; sourceTree = "<group>"; };
		693ABDED2EEEB14500DEBBEE /* MenuInteractor.swift */ = {isa = PBXFileReference; lastKnownFileType = sourcecode.swift; path = MenuInteractor.swift; sourceTree = "<group>"; };
		693ABDEE2EEEB14500DEBBEE /* MenuPresenter.swift */ = {isa = PBXFileReference; lastKnownFileType = sourcecode.swift; path = MenuPresenter.swift; sourceTree = "<group>"; };
		693ABDEF2EEEB14500DEBBEE /* MenuRouter.swift */ = {isa = PBXFileReference; lastKnownFileType = sourcecode.swift; path = MenuRouter.swift; sourceTree = "<group>"; };
		694A832B2F139224002CE2CD /* HTTPRequestManager.swift */ = {isa = PBXFileReference; lastKnownFileType = sourcecode.swift; path = HTTPRequestManager.swift; sourceTree = "<group>"; };
		69541F172F3C7A8B00A86094 /* ActualOrdersViewController.swift */ = {isa = PBXFileReference; lastKnownFileType = sourcecode.swift; path = ActualOrdersViewController.swift; sourceTree = "<group>"; };
		69541F182F3C7A8B00A86094 /* ActualOrdersInteractor.swift */ = {isa = PBXFileReference; lastKnownFileType = sourcecode.swift; path = ActualOrdersInteractor.swift; sourceTree = "<group>"; };
		69541F192F3C7A8B00A86094 /* ActualOrdersPresenter.swift */ = {isa = PBXFileReference; lastKnownFileType = sourcecode.swift; path = ActualOrdersPresenter.swift; sourceTree = "<group>"; };
		69541F1A2F3C7A8B00A86094 /* ActualOrdersRouter.swift */ = {isa = PBXFileReference; lastKnownFileType = sourcecode.swift; path = ActualOrdersRouter.swift; sourceTree = "<group>"; };
		69541F1F2F3C7A8D00A86094 /* CompletedOrdersViewController.swift */ = {isa = PBXFileReference; lastKnownFileType = sourcecode.swift; path = CompletedOrdersViewController.swift; sourceTree = "<group>"; };
		69541F202F3C7A8D00A86094 /* CompletedOrdersInteractor.swift */ = {isa = PBXFileReference; lastKnownFileType = sourcecode.swift; path = CompletedOrdersInteractor.swift; sourceTree = "<group>"; };
		69541F212F3C7A8D00A86094 /* CompletedOrdersPresenter.swift */ = {isa = PBXFileReference; lastKnownFileType = sourcecode.swift; path = CompletedOrdersPresenter.swift; sourceTree = "<group>"; };
		69541F222F3C7A8D00A86094 /* CompletedOrdersRouter.swift */ = {isa = PBXFileReference; lastKnownFileType = sourcecode.swift; path = CompletedOrdersRouter.swift; sourceTree = "<group>"; };
		697A39D82F2DF1AC00C00BD0 /* ValidatedTextField.swift */ = {isa = PBXFileReference; lastKnownFileType = sourcecode.swift; path = ValidatedTextField.swift; sourceTree = "<group>"; };
		697D7A212F41BBEB00B4BB75 /* CompletedOrdersTableViewCell.swift */ = {isa = PBXFileReference; lastKnownFileType = sourcecode.swift; path = CompletedOrdersTableViewCell.swift; sourceTree = "<group>"; };
		697D7A232F41C22200B4BB75 /* DateHelper.swift */ = {isa = PBXFileReference; lastKnownFileType = sourcecode.swift; path = DateHelper.swift; sourceTree = "<group>"; };
		697D7A252F41C98800B4BB75 /* OrdersService.swift */ = {isa = PBXFileReference; lastKnownFileType = sourcecode.swift; path = OrdersService.swift; sourceTree = "<group>"; };
		697D7A272F41C9A000B4BB75 /* OrdersEndpoint.swift */ = {isa = PBXFileReference; lastKnownFileType = sourcecode.swift; path = OrdersEndpoint.swift; sourceTree = "<group>"; };
		69B004EC2F1B7BC2008C0B09 /* NetworkService.swift */ = {isa = PBXFileReference; lastKnownFileType = sourcecode.swift; path = NetworkService.swift; sourceTree = "<group>"; };
		69B004EE2F1CD1BF008C0B09 /* AuthToken.swift */ = {isa = PBXFileReference; lastKnownFileType = sourcecode.swift; path = AuthToken.swift; sourceTree = "<group>"; };
		69B004F22F1CD861008C0B09 /* AuthEndPoint.swift */ = {isa = PBXFileReference; lastKnownFileType = sourcecode.swift; path = AuthEndPoint.swift; sourceTree = "<group>"; };
		69B004F52F1CE364008C0B09 /* GRDB.swift */ = {isa = PBXFileReference; lastKnownFileType = sourcecode.swift; path = GRDB.swift; sourceTree = "<group>"; };
		69B005032F24AF1A008C0B09 /* User.swift */ = {isa = PBXFileReference; lastKnownFileType = sourcecode.swift; path = User.swift; sourceTree = "<group>"; };
		69B005052F24BA8F008C0B09 /* Order.swift */ = {isa = PBXFileReference; lastKnownFileType = sourcecode.swift; path = Order.swift; sourceTree = "<group>"; };
		69DB2A6A2EF68B9E003E00FB /* UserAuth.swift */ = {isa = PBXFileReference; lastKnownFileType = sourcecode.swift; path = UserAuth.swift; sourceTree = "<group>"; };
		69DB2ACD2EFFCA4F003E00FB /* KeyChain.swift */ = {isa = PBXFileReference; lastKnownFileType = sourcecode.swift; path = KeyChain.swift; sourceTree = "<group>"; };
		69DB2AD12EFFCAC1003E00FB /* URLRequest+cURL.swift */ = {isa = PBXFileReference; lastKnownFileType = sourcecode.swift; path = "URLRequest+cURL.swift"; sourceTree = "<group>"; };
		69DB2AD42EFFCBA3003E00FB /* Serializer.swift */ = {isa = PBXFileReference; lastKnownFileType = sourcecode.swift; path = Serializer.swift; sourceTree = "<group>"; };
		69DB2AD62EFFCC19003E00FB /* Log.swift */ = {isa = PBXFileReference; lastKnownFileType = sourcecode.swift; path = Log.swift; sourceTree = "<group>"; };
		69DB2AD92EFFCD5A003E00FB /* Endpoint.swift */ = {isa = PBXFileReference; lastKnownFileType = sourcecode.swift; path = Endpoint.swift; sourceTree = "<group>"; };
		69DB2ADB2EFFCD8F003E00FB /* EndpointBody.swift */ = {isa = PBXFileReference; lastKnownFileType = sourcecode.swift; path = EndpointBody.swift; sourceTree = "<group>"; };
		69DB2ADE2EFFD060003E00FB /* HTTP.swift */ = {isa = PBXFileReference; lastKnownFileType = sourcecode.swift; path = HTTP.swift; sourceTree = "<group>"; };
		69DB2AE22EFFDC39003E00FB /* MultipartRequestBoundary.swift */ = {isa = PBXFileReference; lastKnownFileType = sourcecode.swift; path = MultipartRequestBoundary.swift; sourceTree = "<group>"; };
		69DB2AE42EFFDC5E003E00FB /* MultipartRequestBody.swift */ = {isa = PBXFileReference; lastKnownFileType = sourcecode.swift; path = MultipartRequestBody.swift; sourceTree = "<group>"; };
		69DB2AE62EFFDCD9003E00FB /* MultipartRequestPartType.swift */ = {isa = PBXFileReference; lastKnownFileType = sourcecode.swift; path = MultipartRequestPartType.swift; sourceTree = "<group>"; };
		69DB2AE82EFFDCE8003E00FB /* MultipartRequestPartString.swift */ = {isa = PBXFileReference; lastKnownFileType = sourcecode.swift; path = MultipartRequestPartString.swift; sourceTree = "<group>"; };
		69DB2AEA2EFFDCF5003E00FB /* MultipartRequestPartFile.swift */ = {isa = PBXFileReference; lastKnownFileType = sourcecode.swift; path = MultipartRequestPartFile.swift; sourceTree = "<group>"; };
/* End PBXFileReference section */

/* Begin PBXFrameworksBuildPhase section */
		3A1A75DE2EDAF0590011F378 /* Frameworks */ = {
			isa = PBXFrameworksBuildPhase;
			buildActionMask = 2147483647;
			files = (
				3A1A75FB2EDAF0EA0011F378 /* SnapKit in Frameworks */,
				69B004FE2F1CE59B008C0B09 /* GRDB in Frameworks */,
			);
			runOnlyForDeploymentPostprocessing = 0;
		};
/* End PBXFrameworksBuildPhase section */

/* Begin PBXGroup section */
		3A1A75D82EDAF0590011F378 = {
			isa = PBXGroup;
			children = (
				693ABD782EE1DB7C00DEBBEE /* Cafe-IOS-Anton */,
				3A1A75E22EDAF0590011F378 /* Products */,
			);
			sourceTree = "<group>";
		};
		3A1A75E22EDAF0590011F378 /* Products */ = {
			isa = PBXGroup;
			children = (
				3A1A75E12EDAF0590011F378 /* Cafe-iOS-Anton.app */,
			);
			name = Products;
			sourceTree = "<group>";
		};
		693ABD782EE1DB7C00DEBBEE /* Cafe-IOS-Anton */ = {
			isa = PBXGroup;
			children = (
				69B004F42F1CE34C008C0B09 /* DataBase */,
				693ABDD62EED5DF800DEBBEE /* CustomTabBarController.swift */,
				693ABDD42EED5D7C00DEBBEE /* RootRouter.swift */,
				693ABD792EE1DB9600DEBBEE /* AppDelegate.swift */,
				693ABD7A2EE1DB9A00DEBBEE /* SceneDelegate.swift */,
				693ABD7B2EE1DBFF00DEBBEE /* Models */,
				693ABD7C2EE1DC2000DEBBEE /* Scenes */,
				693ABD832EE1DCDF00DEBBEE /* Info.plist */,
				693ABD862EE1DDA700DEBBEE /* Assets.xcassets */,
				693ABD952EE1EBC400DEBBEE /* LaunchScreen.storyboard */,
				693ABD882EE1DDC300DEBBEE /* Common */,
				693ABD872EE1DDBA00DEBBEE /* Network */,
			);
			path = "Cafe-IOS-Anton";
			sourceTree = "<group>";
		};
		693ABD7B2EE1DBFF00DEBBEE /* Models */ = {
			isa = PBXGroup;
			children = (
				69B005052F24BA8F008C0B09 /* Order.swift */,
				69B005032F24AF1A008C0B09 /* User.swift */,
				69B004EE2F1CD1BF008C0B09 /* AuthToken.swift */,
				69DB2A6A2EF68B9E003E00FB /* UserAuth.swift */,
			);
			path = Models;
			sourceTree = "<group>";
		};
		693ABD7C2EE1DC2000DEBBEE /* Scenes */ = {
			isa = PBXGroup;
			children = (
				693ABDDB2EEEACBF00DEBBEE /* Cart */,
				693ABDDA2EEEACB300DEBBEE /* Chats */,
				693ABDD92EEEAA4300DEBBEE /* Menu */,
				693ABD982EE40FB600DEBBEE /* More */,
				693ABD972EE40FAA00DEBBEE /* Main */,
				693ABD7D2EE1DC3200DEBBEE /* Forgot password */,
				693ABD7E2EE1DC4100DEBBEE /* Registration */,
				693ABD822EE1DC5A00DEBBEE /* AuthViewController.swift */,
				693ABD7F2EE1DC5A00DEBBEE /* AuthInteractor.swift */,
				693ABD802EE1DC5A00DEBBEE /* AuthPresenter.swift */,
				693ABD812EE1DC5A00DEBBEE /* AuthRouter.swift */,
			);
			path = Scenes;
			sourceTree = "<group>";
		};
		693ABD7D2EE1DC3200DEBBEE /* Forgot password */ = {
			isa = PBXGroup;
			children = (
				693ABDBB2EE41CE000DEBBEE /* ForgotViewController.swift */,
				693ABDBD2EE41CF200DEBBEE /* ForgotInteractor.swift */,
				693ABDBF2EE41D0300DEBBEE /* ForgotPresenter.swift */,
				693ABDC12EE41D0A00DEBBEE /* ForgotRouter.swift */,
			);
			path = "Forgot password";
			sourceTree = "<group>";
		};
		693ABD7E2EE1DC4100DEBBEE /* Registration */ = {
			isa = PBXGroup;
			children = (
				693ABDCC2EED4B8000DEBBEE /* RegistrationViewController.swift */,
				693ABDCD2EED4B8000DEBBEE /* RegistrationInteractor.swift */,
				693ABDCE2EED4B8000DEBBEE /* RegistrationPresenter.swift */,
				693ABDCF2EED4B8000DEBBEE /* RegistrationRouter.swift */,
			);
			path = Registration;
			sourceTree = "<group>";
		};
		693ABD872EE1DDBA00DEBBEE /* Network */ = {
			isa = PBXGroup;
			children = (
				69B004F12F1CD83F008C0B09 /* Orders */,
				69DB2ADD2EFFCDB1003E00FB /* HTTP request maneger */,
				69DB2AD82EFFCD52003E00FB /* Endpoint */,
				69DB2AD32EFFCB9D003E00FB /* Serializer */,
				69DB2AD02EFFCAA2003E00FB /* URLRequest+cURL */,
				69DB2ACF2EFFCA5B003E00FB /* Log */,
				69DB2ACC2EFFCA25003E00FB /* KeyChain */,
				693ABDBA2EE4191900DEBBEE /* NetworkService */,
				693ABDB72EE418EB00DEBBEE /* Auth */,
			);
			path = Network;
			sourceTree = "<group>";
		};
		693ABD882EE1DDC300DEBBEE /* Common */ = {
			isa = PBXGroup;
			children = (
				697D7A232F41C22200B4BB75 /* DateHelper.swift */,
				697A39D82F2DF1AC00C00BD0 /* ValidatedTextField.swift */,
				693ABDC32EE5837800DEBBEE /* UIColor.swift */,
				693ABDB12EE4156100DEBBEE /* TableViewItem.swift */,
				693ABDAF2EE4155400DEBBEE /* TableViewModel.swift */,
				693ABDAD2EE4142B00DEBBEE /* TableViewCell.swift */,
				693ABDAB2EE413BD00DEBBEE /* TablePresenter.swift */,
				693ABDA92EE410CD00DEBBEE /* TableView.swift */,
				693ABD842EE1DCEB00DEBBEE /* Tap.swift */,
				693ABD852EE1DD2A00DEBBEE /* Shark.swift */,
			);
			path = Common;
			sourceTree = "<group>";
		};
		693ABD972EE40FAA00DEBBEE /* Main */ = {
			isa = PBXGroup;
			children = (
				693ABDA12EE4104D00DEBBEE /* MainViewController.swift */,
				693ABDA22EE4104D00DEBBEE /* MainInteractor.swift */,
				693ABDA32EE4104D00DEBBEE /* MainPresenter.swift */,
				693ABDA42EE4104D00DEBBEE /* MainRouter.swift */,
			);
			path = Main;
			sourceTree = "<group>";
		};
		693ABD982EE40FB600DEBBEE /* More */ = {
			isa = PBXGroup;
			children = (
				69B0050B2F261051008C0B09 /* Views */,
				693ABD992EE40FDA00DEBBEE /* MoreViewController.swift */,
				693ABD9B2EE40FF300DEBBEE /* MoreInteractor.swift */,
				693ABD9D2EE4101200DEBBEE /* MorePresenter.swift */,
				693ABD9F2EE4101C00DEBBEE /* MoreRouter.swift */,
			);
			path = More;
			sourceTree = "<group>";
		};
		693ABDB72EE418EB00DEBBEE /* Auth */ = {
			isa = PBXGroup;
			children = (
				69B004F22F1CD861008C0B09 /* AuthEndPoint.swift */,
				693ABDB82EE418F600DEBBEE /* AuthService.swift */,
			);
			path = Auth;
			sourceTree = "<group>";
		};
		693ABDBA2EE4191900DEBBEE /* NetworkService */ = {
			isa = PBXGroup;
			children = (
				69B004EC2F1B7BC2008C0B09 /* NetworkService.swift */,
			);
			path = NetworkService;
			sourceTree = "<group>";
		};
		693ABDD92EEEAA4300DEBBEE /* Menu */ = {
			isa = PBXGroup;
			children = (
				693ABDEC2EEEB14500DEBBEE /* MenuViewController.swift */,
				693ABDED2EEEB14500DEBBEE /* MenuInteractor.swift */,
				693ABDEE2EEEB14500DEBBEE /* MenuPresenter.swift */,
				693ABDEF2EEEB14500DEBBEE /* MenuRouter.swift */,
			);
			path = Menu;
			sourceTree = "<group>";
		};
		693ABDDA2EEEACB300DEBBEE /* Chats */ = {
			isa = PBXGroup;
			children = (
				693ABDE42EEEB14300DEBBEE /* ChatsViewController.swift */,
				693ABDE52EEEB14300DEBBEE /* ChatsInteractor.swift */,
				693ABDE62EEEB14300DEBBEE /* ChatsPresenter.swift */,
				693ABDE72EEEB14300DEBBEE /* ChatsRouter.swift */,
			);
			path = Chats;
			sourceTree = "<group>";
		};
		693ABDDB2EEEACBF00DEBBEE /* Cart */ = {
			isa = PBXGroup;
			children = (
				693ABDDC2EEEB14000DEBBEE /* CartViewController.swift */,
				693ABDDD2EEEB14000DEBBEE /* CartInteractor.swift */,
				693ABDDE2EEEB14000DEBBEE /* CartPresenter.swift */,
				693ABDDF2EEEB14000DEBBEE /* CartRouter.swift */,
			);
			path = Cart;
			sourceTree = "<group>";
		};
		69541F152F3C7A6200A86094 /* ActualOrders */ = {
			isa = PBXGroup;
			children = (
				69541F172F3C7A8B00A86094 /* ActualOrdersViewController.swift */,
				69541F182F3C7A8B00A86094 /* ActualOrdersInteractor.swift */,
				69541F192F3C7A8B00A86094 /* ActualOrdersPresenter.swift */,
				69541F1A2F3C7A8B00A86094 /* ActualOrdersRouter.swift */,
			);
			path = ActualOrders;
			sourceTree = "<group>";
		};
		69541F162F3C7A7600A86094 /* CompletedOrders */ = {
			isa = PBXGroup;
			children = (
				697D7A212F41BBEB00B4BB75 /* CompletedOrdersTableViewCell.swift */,
				69541F1F2F3C7A8D00A86094 /* CompletedOrdersViewController.swift */,
				69541F202F3C7A8D00A86094 /* CompletedOrdersInteractor.swift */,
				69541F212F3C7A8D00A86094 /* CompletedOrdersPresenter.swift */,
				69541F222F3C7A8D00A86094 /* CompletedOrdersRouter.swift */,
			);
			path = CompletedOrders;
			sourceTree = "<group>";
		};
		69B004F12F1CD83F008C0B09 /* Orders */ = {
			isa = PBXGroup;
			children = (
				697D7A272F41C9A000B4BB75 /* OrdersEndpoint.swift */,
				697D7A252F41C98800B4BB75 /* OrdersService.swift */,
			);
			path = Orders;
			sourceTree = "<group>";
		};
		69B004F42F1CE34C008C0B09 /* DataBase */ = {
			isa = PBXGroup;
			children = (
				69B004F52F1CE364008C0B09 /* GRDB.swift */,
			);
			path = DataBase;
			sourceTree = "<group>";
		};
		69B0050B2F261051008C0B09 /* Views */ = {
			isa = PBXGroup;
			children = (
				69B005102F261137008C0B09 /* Orders */,
				69B0050F2F2610A1008C0B09 /* PrivacyPolicy&UserAgreement */,
				69B0050E2F261091008C0B09 /* Support */,
				69B0050D2F261081008C0B09 /* Settings */,
				69B0050C2F26106B008C0B09 /* Profile */,
			);
			path = Views;
			sourceTree = "<group>";
		};
		69B0050C2F26106B008C0B09 /* Profile */ = {
			isa = PBXGroup;
			children = (
				691CEF0D2F2DEEDF00B17E1B /* ProfileViewController.swift */,
				691CEF0E2F2DEEDF00B17E1B /* ProfileInteractor.swift */,
				691CEF0F2F2DEEDF00B17E1B /* ProfilePresenter.swift */,
				691CEF102F2DEEDF00B17E1B /* ProfileRouter.swift */,
			);
			path = Profile;
			sourceTree = "<group>";
		};
		69B0050D2F261081008C0B09 /* Settings */ = {
			isa = PBXGroup;
			children = (
				6918E2AD2F388592006347A0 /* SettingsViewController.swift */,
				6918E2AE2F388592006347A0 /* SettingsInteractor.swift */,
				6918E2AF2F388592006347A0 /* SettingsPresenter.swift */,
				6918E2B02F388592006347A0 /* SettingsRouter.swift */,
			);
			path = Settings;
			sourceTree = "<group>";
		};
		69B0050E2F261091008C0B09 /* Support */ = {
			isa = PBXGroup;
			children = (
				6918E2952F3884F5006347A0 /* SupportViewController.swift */,
				6918E2972F3884FF006347A0 /* SupportInteractor.swift */,
				6918E2992F38850B006347A0 /* SupportPresenter.swift */,
				6918E29B2F388512006347A0 /* SupportRouter.swift */,
			);
			path = Support;
			sourceTree = "<group>";
		};
		69B0050F2F2610A1008C0B09 /* PrivacyPolicy&UserAgreement */ = {
			isa = PBXGroup;
			children = (
				6918E2A52F38855B006347A0 /* PrivacyViewController.swift */,
				6918E2A62F38855B006347A0 /* PrivacyInteractor.swift */,
				6918E2A72F38855B006347A0 /* PrivacyPresenter.swift */,
				6918E2A82F38855B006347A0 /* PrivacyRouter.swift */,
			);
			path = "PrivacyPolicy&UserAgreement";
			sourceTree = "<group>";
		};
		69B005102F261137008C0B09 /* Orders */ = {
			isa = PBXGroup;
			children = (
				69541F162F3C7A7600A86094 /* CompletedOrders */,
				69541F152F3C7A6200A86094 /* ActualOrders */,
				6918E29D2F38852B006347A0 /* OrdersViewController.swift */,
				6918E29E2F38852B006347A0 /* OrdersInteractor.swift */,
				6918E29F2F38852B006347A0 /* OrdersPresenter.swift */,
				6918E2A02F38852B006347A0 /* OrdersRouter.swift */,
			);
			path = Orders;
			sourceTree = "<group>";
		};
		69DB2ACC2EFFCA25003E00FB /* KeyChain */ = {
			isa = PBXGroup;
			children = (
				69DB2ACD2EFFCA4F003E00FB /* KeyChain.swift */,
			);
			path = KeyChain;
			sourceTree = "<group>";
		};
		69DB2ACF2EFFCA5B003E00FB /* Log */ = {
			isa = PBXGroup;
			children = (
				69DB2AD62EFFCC19003E00FB /* Log.swift */,
			);
			path = Log;
			sourceTree = "<group>";
		};
		69DB2AD02EFFCAA2003E00FB /* URLRequest+cURL */ = {
			isa = PBXGroup;
			children = (
				69DB2AD12EFFCAC1003E00FB /* URLRequest+cURL.swift */,
			);
			path = "URLRequest+cURL";
			sourceTree = "<group>";
		};
		69DB2AD32EFFCB9D003E00FB /* Serializer */ = {
			isa = PBXGroup;
			children = (
				69DB2AD42EFFCBA3003E00FB /* Serializer.swift */,
			);
			path = Serializer;
			sourceTree = "<group>";
		};
		69DB2AD82EFFCD52003E00FB /* Endpoint */ = {
			isa = PBXGroup;
			children = (
				69DB2ADB2EFFCD8F003E00FB /* EndpointBody.swift */,
				69DB2AD92EFFCD5A003E00FB /* Endpoint.swift */,
			);
			path = Endpoint;
			sourceTree = "<group>";
		};
		69DB2ADD2EFFCDB1003E00FB /* HTTP request maneger */ = {
			isa = PBXGroup;
			children = (
				694A832B2F139224002CE2CD /* HTTPRequestManager.swift */,
				69DB2AE02EFFDBB7003E00FB /* Multipart request */,
				69DB2AE12EFFDBC8003E00FB /* Parts */,
				69DB2ADE2EFFD060003E00FB /* HTTP.swift */,
			);
			path = "HTTP request maneger";
			sourceTree = "<group>";
		};
		69DB2AE02EFFDBB7003E00FB /* Multipart request */ = {
			isa = PBXGroup;
			children = (
				69DB2AE42EFFDC5E003E00FB /* MultipartRequestBody.swift */,
				69DB2AE22EFFDC39003E00FB /* MultipartRequestBoundary.swift */,
			);
			path = "Multipart request";
			sourceTree = "<group>";
		};
		69DB2AE12EFFDBC8003E00FB /* Parts */ = {
			isa = PBXGroup;
			children = (
				69DB2AE62EFFDCD9003E00FB /* MultipartRequestPartType.swift */,
				69DB2AE82EFFDCE8003E00FB /* MultipartRequestPartString.swift */,
				69DB2AEA2EFFDCF5003E00FB /* MultipartRequestPartFile.swift */,
			);
			path = Parts;
			sourceTree = "<group>";
		};
/* End PBXGroup section */

/* Begin PBXNativeTarget section */
		3A1A75E02EDAF0590011F378 /* Cafe-iOS-Anton */ = {
			isa = PBXNativeTarget;
			buildConfigurationList = 3A1A75F42EDAF05B0011F378 /* Build configuration list for PBXNativeTarget "Cafe-iOS-Anton" */;
			buildPhases = (
				3A1A75DD2EDAF0590011F378 /* Sources */,
				3A1A75DE2EDAF0590011F378 /* Frameworks */,
				3A1A75DF2EDAF0590011F378 /* Resources */,
			);
			buildRules = (
			);
			dependencies = (
			);
			name = "Cafe-iOS-Anton";
			packageProductDependencies = (
				3A1A75FA2EDAF0EA0011F378 /* SnapKit */,
				69B004FD2F1CE59B008C0B09 /* GRDB */,
			);
			productName = "Cafe-iOS-Anton";
			productReference = 3A1A75E12EDAF0590011F378 /* Cafe-iOS-Anton.app */;
			productType = "com.apple.product-type.application";
		};
/* End PBXNativeTarget section */

/* Begin PBXProject section */
		3A1A75D92EDAF0590011F378 /* Project object */ = {
			isa = PBXProject;
			attributes = {
				BuildIndependentTargetsInParallel = 1;
				LastSwiftUpdateCheck = 1640;
				LastUpgradeCheck = 1640;
				TargetAttributes = {
					3A1A75E02EDAF0590011F378 = {
						CreatedOnToolsVersion = 16.4;
					};
				};
			};
			buildConfigurationList = 3A1A75DC2EDAF0590011F378 /* Build configuration list for PBXProject "Cafe-iOS-Anton" */;
			developmentRegion = ru;
			hasScannedForEncodings = 0;
			knownRegions = (
				en,
				Base,
				ru,
			);
			mainGroup = 3A1A75D82EDAF0590011F378;
			minimizedProjectReferenceProxies = 1;
			packageReferences = (
				3A1A75F92EDAF0EA0011F378 /* XCRemoteSwiftPackageReference "SnapKit" */,
				69B004FC2F1CE59B008C0B09 /* XCRemoteSwiftPackageReference "GRDB.swift" */,
			);
			preferredProjectObjectVersion = 77;
			productRefGroup = 3A1A75E22EDAF0590011F378 /* Products */;
			projectDirPath = "";
			projectRoot = "";
			targets = (
				3A1A75E02EDAF0590011F378 /* Cafe-iOS-Anton */,
			);
		};
/* End PBXProject section */

/* Begin PBXResourcesBuildPhase section */
		3A1A75DF2EDAF0590011F378 /* Resources */ = {
			isa = PBXResourcesBuildPhase;
			buildActionMask = 2147483647;
			files = (
				693ABD902EE1DFCD00DEBBEE /* Assets.xcassets in Resources */,
				693ABD962EE1EBC400DEBBEE /* LaunchScreen.storyboard in Resources */,
			);
			runOnlyForDeploymentPostprocessing = 0;
		};
/* End PBXResourcesBuildPhase section */

/* Begin PBXSourcesBuildPhase section */
		3A1A75DD2EDAF0590011F378 /* Sources */ = {
			isa = PBXSourcesBuildPhase;
			buildActionMask = 2147483647;
			files = (
				693ABDA02EE4101F00DEBBEE /* MoreRouter.swift in Sources */,
				693ABDBC2EE41CEC00DEBBEE /* ForgotViewController.swift in Sources */,
				69DB2AE32EFFDC4D003E00FB /* MultipartRequestBoundary.swift in Sources */,
				69DB2ADC2EFFCD96003E00FB /* EndpointBody.swift in Sources */,
				69B005042F24AF1E008C0B09 /* User.swift in Sources */,
				693ABDAC2EE413C200DEBBEE /* TablePresenter.swift in Sources */,
				693ABD9E2EE4101900DEBBEE /* MorePresenter.swift in Sources */,
				693ABD8D2EE1DFC100DEBBEE /* AuthPresenter.swift in Sources */,
				6918E2A92F38855B006347A0 /* PrivacyRouter.swift in Sources */,
				697D7A242F41C22800B4BB75 /* DateHelper.swift in Sources */,
				6918E2AA2F38855B006347A0 /* PrivacyPresenter.swift in Sources */,
				697D7A262F41C99800B4BB75 /* OrdersService.swift in Sources */,
				6918E2AB2F38855B006347A0 /* PrivacyInteractor.swift in Sources */,
				6918E2AC2F38855B006347A0 /* PrivacyViewController.swift in Sources */,
				693ABDD72EED5E0D00DEBBEE /* CustomTabBarController.swift in Sources */,
				6918E2A12F38852B006347A0 /* OrdersRouter.swift in Sources */,
				6918E2A22F38852B006347A0 /* OrdersViewController.swift in Sources */,
				6918E2A32F38852B006347A0 /* OrdersPresenter.swift in Sources */,
				6918E2A42F38852B006347A0 /* OrdersInteractor.swift in Sources */,
				69DB2ACE2EFFCA54003E00FB /* KeyChain.swift in Sources */,
				6918E2962F3884FC006347A0 /* SupportViewController.swift in Sources */,
				693ABDC02EE41D0700DEBBEE /* ForgotPresenter.swift in Sources */,
				69B004ED2F1B7BC3008C0B09 /* NetworkService.swift in Sources */,
				693ABDD02EED4B8000DEBBEE /* RegistrationPresenter.swift in Sources */,
				693ABDD12EED4B8000DEBBEE /* RegistrationViewController.swift in Sources */,
				693ABDD22EED4B8000DEBBEE /* RegistrationInteractor.swift in Sources */,
				69DB2ADF2EFFD065003E00FB /* HTTP.swift in Sources */,
				693ABDD32EED4B8000DEBBEE /* RegistrationRouter.swift in Sources */,
				69DB2AEB2EFFDCF7003E00FB /* MultipartRequestPartFile.swift in Sources */,
				693ABDB22EE4156600DEBBEE /* TableViewItem.swift in Sources */,
				697D7A282F41C9A300B4BB75 /* OrdersEndpoint.swift in Sources */,
				693ABDB92EE418FE00DEBBEE /* AuthService.swift in Sources */,
				693ABDAE2EE4143000DEBBEE /* TableViewCell.swift in Sources */,
				693ABDF02EEEB14500DEBBEE /* MenuInteractor.swift in Sources */,
				693ABDF12EEEB14500DEBBEE /* MenuPresenter.swift in Sources */,
				69B004F32F1CD867008C0B09 /* AuthEndPoint.swift in Sources */,
				693ABDF22EEEB14500DEBBEE /* MenuRouter.swift in Sources */,
				69DB2AE72EFFDCDB003E00FB /* MultipartRequestPartType.swift in Sources */,
				69DB2A6B2EF68BA6003E00FB /* UserAuth.swift in Sources */,
				693ABDF32EEEB14500DEBBEE /* MenuViewController.swift in Sources */,
				693ABDA52EE4104D00DEBBEE /* MainInteractor.swift in Sources */,
				693ABDA62EE4104D00DEBBEE /* MainRouter.swift in Sources */,
				693ABDE02EEEB14000DEBBEE /* CartViewController.swift in Sources */,
				69DB2AE92EFFDCE9003E00FB /* MultipartRequestPartString.swift in Sources */,
				693ABDE12EEEB14000DEBBEE /* CartPresenter.swift in Sources */,
				693ABDE22EEEB14000DEBBEE /* CartInteractor.swift in Sources */,
				693ABDE32EEEB14000DEBBEE /* CartRouter.swift in Sources */,
				694A832C2F139237002CE2CD /* HTTPRequestManager.swift in Sources */,
				693ABDA72EE4104D00DEBBEE /* MainViewController.swift in Sources */,
				693ABDD52EED5D8900DEBBEE /* RootRouter.swift in Sources */,
				69541F1B2F3C7A8B00A86094 /* ActualOrdersRouter.swift in Sources */,
				69541F1C2F3C7A8B00A86094 /* ActualOrdersInteractor.swift in Sources */,
				69541F1D2F3C7A8B00A86094 /* ActualOrdersPresenter.swift in Sources */,
				69541F1E2F3C7A8B00A86094 /* ActualOrdersViewController.swift in Sources */,
				693ABDA82EE4104D00DEBBEE /* MainPresenter.swift in Sources */,
				69DB2AD22EFFCADD003E00FB /* URLRequest+cURL.swift in Sources */,
				697A39D92F2DF1CE00C00BD0 /* ValidatedTextField.swift in Sources */,
				6918E29C2F388516006347A0 /* SupportRouter.swift in Sources */,
				693ABD8C2EE1DFBC00DEBBEE /* AuthInteractor.swift in Sources */,
				693ABD9C2EE4100F00DEBBEE /* MoreInteractor.swift in Sources */,
				697D7A222F41BBEF00B4BB75 /* CompletedOrdersTableViewCell.swift in Sources */,
				69DB2AD72EFFCC28003E00FB /* Log.swift in Sources */,
				6918E2B12F388592006347A0 /* SettingsInteractor.swift in Sources */,
				6918E2B22F388592006347A0 /* SettingsPresenter.swift in Sources */,
				6918E2B32F388592006347A0 /* SettingsViewController.swift in Sources */,
				69541F232F3C7A8D00A86094 /* CompletedOrdersViewController.swift in Sources */,
				69541F242F3C7A8D00A86094 /* CompletedOrdersPresenter.swift in Sources */,
				69541F252F3C7A8D00A86094 /* CompletedOrdersInteractor.swift in Sources */,
				69541F262F3C7A8D00A86094 /* CompletedOrdersRouter.swift in Sources */,
				6918E2B42F388592006347A0 /* SettingsRouter.swift in Sources */,
				693ABDB02EE4155900DEBBEE /* TableViewModel.swift in Sources */,
				693ABD892EE1DFAA00DEBBEE /* AppDelegate.swift in Sources */,
				693ABD8B2EE1DFB900DEBBEE /* AuthViewController.swift in Sources */,
				6918E29A2F38850F006347A0 /* SupportPresenter.swift in Sources */,
				691CEF112F2DEEDF00B17E1B /* ProfileViewController.swift in Sources */,
				691CEF122F2DEEDF00B17E1B /* ProfileInteractor.swift in Sources */,
				6918E2982F388508006347A0 /* SupportInteractor.swift in Sources */,
				691CEF132F2DEEDF00B17E1B /* ProfilePresenter.swift in Sources */,
				691CEF142F2DEEDF00B17E1B /* ProfileRouter.swift in Sources */,
				693ABDE82EEEB14300DEBBEE /* ChatsPresenter.swift in Sources */,
				69DB2AE52EFFDC61003E00FB /* MultipartRequestBody.swift in Sources */,
				693ABDE92EEEB14300DEBBEE /* ChatsInteractor.swift in Sources */,
				693ABDEA2EEEB14300DEBBEE /* ChatsRouter.swift in Sources */,
				69DB2ADA2EFFCD5D003E00FB /* Endpoint.swift in Sources */,
				693ABDEB2EEEB14300DEBBEE /* ChatsViewController.swift in Sources */,
				693ABD8E2EE1DFC500DEBBEE /* AuthRouter.swift in Sources */,
				693ABDC22EE41D0D00DEBBEE /* ForgotRouter.swift in Sources */,
				693ABDAA2EE410D800DEBBEE /* TableView.swift in Sources */,
				69B004F62F1CE368008C0B09 /* GRDB.swift in Sources */,
				693ABD8A2EE1DFAF00DEBBEE /* SceneDelegate.swift in Sources */,
				693ABDC42EE5838000DEBBEE /* UIColor.swift in Sources */,
				693ABD9A2EE40FE700DEBBEE /* MoreViewController.swift in Sources */,
				69DB2AD52EFFCBA4003E00FB /* Serializer.swift in Sources */,
				693ABDBE2EE41D0000DEBBEE /* ForgotInteractor.swift in Sources */,
				693ABD912EE1DFD100DEBBEE /* Tap.swift in Sources */,
				69B005062F24BAA0008C0B09 /* Order.swift in Sources */,
				69B004EF2F1CD1C4008C0B09 /* AuthToken.swift in Sources */,
				693ABD922EE1DFD500DEBBEE /* Shark.swift in Sources */,
			);
			runOnlyForDeploymentPostprocessing = 0;
		};
/* End PBXSourcesBuildPhase section */

/* Begin XCBuildConfiguration section */
		3A1A75F52EDAF05B0011F378 /* Debug */ = {
			isa = XCBuildConfiguration;
			buildSettings = {
				ASSETCATALOG_COMPILER_APPICON_NAME = AppIcon;
				ASSETCATALOG_COMPILER_GLOBAL_ACCENT_COLOR_NAME = AccentColor;
				CODE_SIGN_STYLE = Automatic;
				CURRENT_PROJECT_VERSION = 1;
				DEVELOPMENT_TEAM = TU49UKVVFH;
				GENERATE_INFOPLIST_FILE = YES;
				INFOPLIST_FILE = "Cafe-iOS-Anton/Info.plist";
				INFOPLIST_KEY_CFBundleDisplayName = Zaryadka;
				INFOPLIST_KEY_LSApplicationCategoryType = "public.app-category.food-and-drink";
				INFOPLIST_KEY_UIApplicationSupportsIndirectInputEvents = YES;
				INFOPLIST_KEY_UILaunchStoryboardName = LaunchScreen;
				INFOPLIST_KEY_UISupportedInterfaceOrientations = UIInterfaceOrientationPortrait;
				INFOPLIST_KEY_UISupportedInterfaceOrientations_iPad = "UIInterfaceOrientationLandscapeLeft UIInterfaceOrientationLandscapeRight UIInterfaceOrientationPortrait UIInterfaceOrientationPortraitUpsideDown";
				IPHONEOS_DEPLOYMENT_TARGET = 15.6;
				LD_RUNPATH_SEARCH_PATHS = (
					"$(inherited)",
					"@executable_path/Frameworks",
				);
				MARKETING_VERSION = 1.0;
				PRODUCT_BUNDLE_IDENTIFIER = "xxx.Cafe-iOS-Anton";
				PRODUCT_NAME = "$(TARGET_NAME)";
				SUPPORTED_PLATFORMS = "iphoneos iphonesimulator";
				SUPPORTS_MACCATALYST = NO;
				SUPPORTS_XR_DESIGNED_FOR_IPHONE_IPAD = NO;
				SWIFT_EMIT_LOC_STRINGS = YES;
				SWIFT_VERSION = 5.0;
				TARGETED_DEVICE_FAMILY = "1,2";
			};
			name = Debug;
		};
		3A1A75F62EDAF05B0011F378 /* Release */ = {
			isa = XCBuildConfiguration;
			buildSettings = {
				ASSETCATALOG_COMPILER_APPICON_NAME = AppIcon;
				ASSETCATALOG_COMPILER_GLOBAL_ACCENT_COLOR_NAME = AccentColor;
				CODE_SIGN_STYLE = Automatic;
				CURRENT_PROJECT_VERSION = 1;
				DEVELOPMENT_TEAM = TU49UKVVFH;
				GENERATE_INFOPLIST_FILE = YES;
				INFOPLIST_FILE = "Cafe-iOS-Anton/Info.plist";
				INFOPLIST_KEY_CFBundleDisplayName = Zaryadka;
				INFOPLIST_KEY_LSApplicationCategoryType = "public.app-category.food-and-drink";
				INFOPLIST_KEY_UIApplicationSupportsIndirectInputEvents = YES;
				INFOPLIST_KEY_UILaunchStoryboardName = LaunchScreen;
				INFOPLIST_KEY_UISupportedInterfaceOrientations = UIInterfaceOrientationPortrait;
				INFOPLIST_KEY_UISupportedInterfaceOrientations_iPad = "UIInterfaceOrientationLandscapeLeft UIInterfaceOrientationLandscapeRight UIInterfaceOrientationPortrait UIInterfaceOrientationPortraitUpsideDown";
				IPHONEOS_DEPLOYMENT_TARGET = 15.6;
				LD_RUNPATH_SEARCH_PATHS = (
					"$(inherited)",
					"@executable_path/Frameworks",
				);
				MARKETING_VERSION = 1.0;
				PRODUCT_BUNDLE_IDENTIFIER = "xxx.Cafe-iOS-Anton";
				PRODUCT_NAME = "$(TARGET_NAME)";
				SUPPORTED_PLATFORMS = "iphoneos iphonesimulator";
				SUPPORTS_MACCATALYST = NO;
				SUPPORTS_XR_DESIGNED_FOR_IPHONE_IPAD = NO;
				SWIFT_EMIT_LOC_STRINGS = YES;
				SWIFT_VERSION = 5.0;
				TARGETED_DEVICE_FAMILY = "1,2";
			};
			name = Release;
		};
		3A1A75F72EDAF05B0011F378 /* Debug */ = {
			isa = XCBuildConfiguration;
			buildSettings = {
				ALWAYS_SEARCH_USER_PATHS = NO;
				ASSETCATALOG_COMPILER_GENERATE_SWIFT_ASSET_SYMBOL_EXTENSIONS = YES;
				CLANG_ANALYZER_NONNULL = YES;
				CLANG_ANALYZER_NUMBER_OBJECT_CONVERSION = YES_AGGRESSIVE;
				CLANG_CXX_LANGUAGE_STANDARD = "gnu++20";
				CLANG_ENABLE_MODULES = YES;
				CLANG_ENABLE_OBJC_ARC = YES;
				CLANG_ENABLE_OBJC_WEAK = YES;
				CLANG_WARN_BLOCK_CAPTURE_AUTORELEASING = YES;
				CLANG_WARN_BOOL_CONVERSION = YES;
				CLANG_WARN_COMMA = YES;
				CLANG_WARN_CONSTANT_CONVERSION = YES;
				CLANG_WARN_DEPRECATED_OBJC_IMPLEMENTATIONS = YES;
				CLANG_WARN_DIRECT_OBJC_ISA_USAGE = YES_ERROR;
				CLANG_WARN_DOCUMENTATION_COMMENTS = YES;
				CLANG_WARN_EMPTY_BODY = YES;
				CLANG_WARN_ENUM_CONVERSION = YES;
				CLANG_WARN_INFINITE_RECURSION = YES;
				CLANG_WARN_INT_CONVERSION = YES;
				CLANG_WARN_NON_LITERAL_NULL_CONVERSION = YES;
				CLANG_WARN_OBJC_IMPLICIT_RETAIN_SELF = YES;
				CLANG_WARN_OBJC_LITERAL_CONVERSION = YES;
				CLANG_WARN_OBJC_ROOT_CLASS = YES_ERROR;
				CLANG_WARN_QUOTED_INCLUDE_IN_FRAMEWORK_HEADER = YES;
				CLANG_WARN_RANGE_LOOP_ANALYSIS = YES;
				CLANG_WARN_STRICT_PROTOTYPES = YES;
				CLANG_WARN_SUSPICIOUS_MOVE = YES;
				CLANG_WARN_UNGUARDED_AVAILABILITY = YES_AGGRESSIVE;
				CLANG_WARN_UNREACHABLE_CODE = YES;
				CLANG_WARN__DUPLICATE_METHOD_MATCH = YES;
				COPY_PHASE_STRIP = NO;
				DEBUG_INFORMATION_FORMAT = dwarf;
				DEVELOPMENT_TEAM = 6634PV48FZ;
				ENABLE_STRICT_OBJC_MSGSEND = YES;
				ENABLE_TESTABILITY = YES;
				ENABLE_USER_SCRIPT_SANDBOXING = YES;
				GCC_C_LANGUAGE_STANDARD = gnu17;
				GCC_DYNAMIC_NO_PIC = NO;
				GCC_NO_COMMON_BLOCKS = YES;
				GCC_OPTIMIZATION_LEVEL = 0;
				GCC_PREPROCESSOR_DEFINITIONS = (
					"DEBUG=1",
					"$(inherited)",
				);
				GCC_WARN_64_TO_32_BIT_CONVERSION = YES;
				GCC_WARN_ABOUT_RETURN_TYPE = YES_ERROR;
				GCC_WARN_UNDECLARED_SELECTOR = YES;
				GCC_WARN_UNINITIALIZED_AUTOS = YES_AGGRESSIVE;
				GCC_WARN_UNUSED_FUNCTION = YES;
				GCC_WARN_UNUSED_VARIABLE = YES;
				IPHONEOS_DEPLOYMENT_TARGET = 18.5;
				LOCALIZATION_PREFERS_STRING_CATALOGS = YES;
				MTL_ENABLE_DEBUG_INFO = INCLUDE_SOURCE;
				MTL_FAST_MATH = YES;
				ONLY_ACTIVE_ARCH = YES;
				SDKROOT = iphoneos;
				SWIFT_ACTIVE_COMPILATION_CONDITIONS = "DEBUG $(inherited)";
				SWIFT_OPTIMIZATION_LEVEL = "-Onone";
			};
			name = Debug;
		};
		3A1A75F82EDAF05B0011F378 /* Release */ = {
			isa = XCBuildConfiguration;
			buildSettings = {
				ALWAYS_SEARCH_USER_PATHS = NO;
				ASSETCATALOG_COMPILER_GENERATE_SWIFT_ASSET_SYMBOL_EXTENSIONS = YES;
				CLANG_ANALYZER_NONNULL = YES;
				CLANG_ANALYZER_NUMBER_OBJECT_CONVERSION = YES_AGGRESSIVE;
				CLANG_CXX_LANGUAGE_STANDARD = "gnu++20";
				CLANG_ENABLE_MODULES = YES;
				CLANG_ENABLE_OBJC_ARC = YES;
				CLANG_ENABLE_OBJC_WEAK = YES;
				CLANG_WARN_BLOCK_CAPTURE_AUTORELEASING = YES;
				CLANG_WARN_BOOL_CONVERSION = YES;
				CLANG_WARN_COMMA = YES;
				CLANG_WARN_CONSTANT_CONVERSION = YES;
				CLANG_WARN_DEPRECATED_OBJC_IMPLEMENTATIONS = YES;
				CLANG_WARN_DIRECT_OBJC_ISA_USAGE = YES_ERROR;
				CLANG_WARN_DOCUMENTATION_COMMENTS = YES;
				CLANG_WARN_EMPTY_BODY = YES;
				CLANG_WARN_ENUM_CONVERSION = YES;
				CLANG_WARN_INFINITE_RECURSION = YES;
				CLANG_WARN_INT_CONVERSION = YES;
				CLANG_WARN_NON_LITERAL_NULL_CONVERSION = YES;
				CLANG_WARN_OBJC_IMPLICIT_RETAIN_SELF = YES;
				CLANG_WARN_OBJC_LITERAL_CONVERSION = YES;
				CLANG_WARN_OBJC_ROOT_CLASS = YES_ERROR;
				CLANG_WARN_QUOTED_INCLUDE_IN_FRAMEWORK_HEADER = YES;
				CLANG_WARN_RANGE_LOOP_ANALYSIS = YES;
				CLANG_WARN_STRICT_PROTOTYPES = YES;
				CLANG_WARN_SUSPICIOUS_MOVE = YES;
				CLANG_WARN_UNGUARDED_AVAILABILITY = YES_AGGRESSIVE;
				CLANG_WARN_UNREACHABLE_CODE = YES;
				CLANG_WARN__DUPLICATE_METHOD_MATCH = YES;
				COPY_PHASE_STRIP = NO;
				DEBUG_INFORMATION_FORMAT = "dwarf-with-dsym";
				DEVELOPMENT_TEAM = 6634PV48FZ;
				ENABLE_NS_ASSERTIONS = NO;
				ENABLE_STRICT_OBJC_MSGSEND = YES;
				ENABLE_USER_SCRIPT_SANDBOXING = YES;
				GCC_C_LANGUAGE_STANDARD = gnu17;
				GCC_NO_COMMON_BLOCKS = YES;
				GCC_WARN_64_TO_32_BIT_CONVERSION = YES;
				GCC_WARN_ABOUT_RETURN_TYPE = YES_ERROR;
				GCC_WARN_UNDECLARED_SELECTOR = YES;
				GCC_WARN_UNINITIALIZED_AUTOS = YES_AGGRESSIVE;
				GCC_WARN_UNUSED_FUNCTION = YES;
				GCC_WARN_UNUSED_VARIABLE = YES;
				IPHONEOS_DEPLOYMENT_TARGET = 18.5;
				LOCALIZATION_PREFERS_STRING_CATALOGS = YES;
				MTL_ENABLE_DEBUG_INFO = NO;
				MTL_FAST_MATH = YES;
				SDKROOT = iphoneos;
				SWIFT_COMPILATION_MODE = wholemodule;
				VALIDATE_PRODUCT = YES;
			};
			name = Release;
		};
/* End XCBuildConfiguration section */

/* Begin XCConfigurationList section */
		3A1A75DC2EDAF0590011F378 /* Build configuration list for PBXProject "Cafe-iOS-Anton" */ = {
			isa = XCConfigurationList;
			buildConfigurations = (
				3A1A75F72EDAF05B0011F378 /* Debug */,
				3A1A75F82EDAF05B0011F378 /* Release */,
			);
			defaultConfigurationIsVisible = 0;
			defaultConfigurationName = Release;
		};
		3A1A75F42EDAF05B0011F378 /* Build configuration list for PBXNativeTarget "Cafe-iOS-Anton" */ = {
			isa = XCConfigurationList;
			buildConfigurations = (
				3A1A75F52EDAF05B0011F378 /* Debug */,
				3A1A75F62EDAF05B0011F378 /* Release */,
			);
			defaultConfigurationIsVisible = 0;
			defaultConfigurationName = Release;
		};
/* End XCConfigurationList section */

/* Begin XCRemoteSwiftPackageReference section */
		3A1A75F92EDAF0EA0011F378 /* XCRemoteSwiftPackageReference "SnapKit" */ = {
			isa = XCRemoteSwiftPackageReference;
			repositoryURL = "https://github.com/SnapKit/SnapKit.git";
			requirement = {
				kind = upToNextMajorVersion;
				minimumVersion = 5.7.1;
			};
		};
		69B004FC2F1CE59B008C0B09 /* XCRemoteSwiftPackageReference "GRDB.swift" */ = {
			isa = XCRemoteSwiftPackageReference;
			repositoryURL = "https://github.com/groue/GRDB.swift.git";
			requirement = {
				branch = master;
				kind = branch;
			};
		};
/* End XCRemoteSwiftPackageReference section */

/* Begin XCSwiftPackageProductDependency section */
		3A1A75FA2EDAF0EA0011F378 /* SnapKit */ = {
			isa = XCSwiftPackageProductDependency;
			package = 3A1A75F92EDAF0EA0011F378 /* XCRemoteSwiftPackageReference "SnapKit" */;
			productName = SnapKit;
		};
		69B004FD2F1CE59B008C0B09 /* GRDB */ = {
			isa = XCSwiftPackageProductDependency;
			package = 69B004FC2F1CE59B008C0B09 /* XCRemoteSwiftPackageReference "GRDB.swift" */;
			productName = GRDB;
		};
/* End XCSwiftPackageProductDependency section */
	};
	rootObject = 3A1A75D92EDAF0590011F378 /* Project object */;
}
