// !$*UTF8*$!
{
	archiveVersion = 1;
	classes = {
	};
	objectVersion = 77;
	objects = {

/* Begin PBXBuildFile section */
		3A1A75FB2EDAF0EA0011F378 /* SnapKit in Frameworks */ = {isa = PBXBuildFile; productRef = 3A1A75FA2EDAF0EA0011F378 /* SnapKit */; };
		693ABD892EE1DFAA00DEBBEE /* AppDelegate.swift in Sources */ = {isa = PBXBuildFile; fileRef = 693ABD792EE1DB9600DEBBEE /* AppDelegate.swift */; };
		693ABD8A2EE1DFAF00DEBBEE /* SceneDelegate.swift in Sources */ = {isa = PBXBuildFile; fileRef = 693ABD7A2EE1DB9A00DEBBEE /* SceneDelegate.swift */; };
		693ABD8B2EE1DFB900DEBBEE /* AuthViewController.swift in Sources */ = {isa = PBXBuildFile; fileRef = 693ABD822EE1DC5A00DEBBEE /* AuthViewController.swift */; };
		693ABD8C2EE1DFBC00DEBBEE /* AuthInteractor.swift in Sources */ = {isa = PBXBuildFile; fileRef = 693ABD7F2EE1DC5A00DEBBEE /* AuthInteractor.swift */; };
		693ABD8D2EE1DFC100DEBBEE /* AuthPresenter.swift in Sources */ = {isa = PBXBuildFile; fileRef = 693ABD802EE1DC5A00DEBBEE /* AuthPresenter.swift */; };
		693ABD8E2EE1DFC500DEBBEE /* AuthRouter.swift in Sources */ = {isa = PBXBuildFile; fileRef = 693ABD812EE1DC5A00DEBBEE /* AuthRouter.swift */; };
		693ABD902EE1DFCD00DEBBEE /* Assets.xcassets in Resources */ = {isa = PBXBuildFile; fileRef = 693ABD862EE1DDA700DEBBEE /* Assets.xcassets */; };
		693ABD912EE1DFD100DEBBEE /* Tap.swift in Sources */ = {isa = PBXBuildFile; fileRef = 693ABD842EE1DCEB00DEBBEE /* Tap.swift */; };
		693ABD922EE1DFD500DEBBEE /* Shark.swift in Sources */ = {isa = PBXBuildFile; fileRef = 693ABD852EE1DD2A00DEBBEE /* Shark.swift */; };
		693ABD962EE1EBC400DEBBEE /* LaunchScreen.storyboard in Resources */ = {isa = PBXBuildFile; fileRef = 693ABD952EE1EBC400DEBBEE /* LaunchScreen.storyboard */; };
/* End PBXBuildFile section */

/* Begin PBXFileReference section */
		3A1A75E12EDAF0590011F378 /* Cafe-iOS-Anton.app */ = {isa = PBXFileReference; explicitFileType = wrapper.application; includeInIndex = 0; path = "Cafe-iOS-Anton.app"; sourceTree = BUILT_PRODUCTS_DIR; };
		693ABD792EE1DB9600DEBBEE /* AppDelegate.swift */ = {isa = PBXFileReference; lastKnownFileType = sourcecode.swift; path = AppDelegate.swift; sourceTree = "<group>"; };
		693ABD7A2EE1DB9A00DEBBEE /* SceneDelegate.swift */ = {isa = PBXFileReference; lastKnownFileType = sourcecode.swift; path = SceneDelegate.swift; sourceTree = "<group>"; };
		693ABD7F2EE1DC5A00DEBBEE /* AuthInteractor.swift */ = {isa = PBXFileReference; lastKnownFileType = sourcecode.swift; path = AuthInteractor.swift; sourceTree = "<group>"; };
		693ABD802EE1DC5A00DEBBEE /* AuthPresenter.swift */ = {isa = PBXFileReference; lastKnownFileType = sourcecode.swift; path = AuthPresenter.swift; sourceTree = "<group>"; };
		693ABD812EE1DC5A00DEBBEE /* AuthRouter.swift */ = {isa = PBXFileReference; lastKnownFileType = sourcecode.swift; path = AuthRouter.swift; sourceTree = "<group>"; };
		693ABD822EE1DC5A00DEBBEE /* AuthViewController.swift */ = {isa = PBXFileReference; lastKnownFileType = sourcecode.swift; path = AuthViewController.swift; sourceTree = "<group>"; };
		693ABD832EE1DCDF00DEBBEE /* Info.plist */ = {isa = PBXFileReference; lastKnownFileType = text.plist.xml; path = Info.plist; sourceTree = "<group>"; };
		693ABD842EE1DCEB00DEBBEE /* Tap.swift */ = {isa = PBXFileReference; lastKnownFileType = sourcecode.swift; path = Tap.swift; sourceTree = "<group>"; };
		693ABD852EE1DD2A00DEBBEE /* Shark.swift */ = {isa = PBXFileReference; lastKnownFileType = sourcecode.swift; path = Shark.swift; sourceTree = "<group>"; };
		693ABD862EE1DDA700DEBBEE /* Assets.xcassets */ = {isa = PBXFileReference; lastKnownFileType = folder.assetcatalog; path = Assets.xcassets; sourceTree = "<group>"; };
		693ABD952EE1EBC400DEBBEE /* LaunchScreen.storyboard */ = {isa = PBXFileReference; lastKnownFileType = file.storyboard; path = LaunchScreen.storyboard; sourceTree = "<group>"; };
/* End PBXFileReference section */

/* Begin PBXFrameworksBuildPhase section */
		3A1A75DE2EDAF0590011F378 /* Frameworks */ = {
			isa = PBXFrameworksBuildPhase;
			buildActionMask = 2147483647;
			files = (
				3A1A75FB2EDAF0EA0011F378 /* SnapKit in Frameworks */,
			);
			runOnlyForDeploymentPostprocessing = 0;
		};
/* End PBXFrameworksBuildPhase section */

/* Begin PBXGroup section */
		3A1A75D82EDAF0590011F378 = {
			isa = PBXGroup;
			children = (
				693ABD782EE1DB7C00DEBBEE /* Cafe-IOS-Anton */,
				3A1A75E22EDAF0590011F378 /* Products */,
			);
			sourceTree = "<group>";
		};
		3A1A75E22EDAF0590011F378 /* Products */ = {
			isa = PBXGroup;
			children = (
				3A1A75E12EDAF0590011F378 /* Cafe-iOS-Anton.app */,
			);
			name = Products;
			sourceTree = "<group>";
		};
		693ABD782EE1DB7C00DEBBEE /* Cafe-IOS-Anton */ = {
			isa = PBXGroup;
			children = (
				693ABD792EE1DB9600DEBBEE /* AppDelegate.swift */,
				693ABD7A2EE1DB9A00DEBBEE /* SceneDelegate.swift */,
				693ABD7B2EE1DBFF00DEBBEE /* Models */,
				693ABD7C2EE1DC2000DEBBEE /* Scenes */,
				693ABD832EE1DCDF00DEBBEE /* Info.plist */,
				693ABD862EE1DDA700DEBBEE /* Assets.xcassets */,
				693ABD952EE1EBC400DEBBEE /* LaunchScreen.storyboard */,
				693ABD842EE1DCEB00DEBBEE /* Tap.swift */,
				693ABD852EE1DD2A00DEBBEE /* Shark.swift */,
				693ABD882EE1DDC300DEBBEE /* Common */,
				693ABD872EE1DDBA00DEBBEE /* Network */,
			);
			path = "Cafe-IOS-Anton";
			sourceTree = "<group>";
		};
		693ABD7B2EE1DBFF00DEBBEE /* Models */ = {
			isa = PBXGroup;
			children = (
			);
			path = Models;
			sourceTree = "<group>";
		};
		693ABD7C2EE1DC2000DEBBEE /* Scenes */ = {
			isa = PBXGroup;
			children = (
				693ABD7D2EE1DC3200DEBBEE /* ForgotPassword */,
				693ABD7E2EE1DC4100DEBBEE /* Registration */,
				693ABD822EE1DC5A00DEBBEE /* AuthViewController.swift */,
				693ABD7F2EE1DC5A00DEBBEE /* AuthInteractor.swift */,
				693ABD802EE1DC5A00DEBBEE /* AuthPresenter.swift */,
				693ABD812EE1DC5A00DEBBEE /* AuthRouter.swift */,
			);
			path = Scenes;
			sourceTree = "<group>";
		};
		693ABD7D2EE1DC3200DEBBEE /* ForgotPassword */ = {
			isa = PBXGroup;
			children = (
			);
			path = ForgotPassword;
			sourceTree = "<group>";
		};
		693ABD7E2EE1DC4100DEBBEE /* Registration */ = {
			isa = PBXGroup;
			children = (
			);
			path = Registration;
			sourceTree = "<group>";
		};
		693ABD872EE1DDBA00DEBBEE /* Network */ = {
			isa = PBXGroup;
			children = (
			);
			path = Network;
			sourceTree = "<group>";
		};
		693ABD882EE1DDC300DEBBEE /* Common */ = {
			isa = PBXGroup;
			children = (
			);
			path = Common;
			sourceTree = "<group>";
		};
/* End PBXGroup section */

/* Begin PBXNativeTarget section */
		3A1A75E02EDAF0590011F378 /* Cafe-iOS-Anton */ = {
			isa = PBXNativeTarget;
			buildConfigurationList = 3A1A75F42EDAF05B0011F378 /* Build configuration list for PBXNativeTarget "Cafe-iOS-Anton" */;
			buildPhases = (
				3A1A75DD2EDAF0590011F378 /* Sources */,
				3A1A75DE2EDAF0590011F378 /* Frameworks */,
				3A1A75DF2EDAF0590011F378 /* Resources */,
			);
			buildRules = (
			);
			dependencies = (
			);
			name = "Cafe-iOS-Anton";
			packageProductDependencies = (
				3A1A75FA2EDAF0EA0011F378 /* SnapKit */,
			);
			productName = "Cafe-iOS-Anton";
			productReference = 3A1A75E12EDAF0590011F378 /* Cafe-iOS-Anton.app */;
			productType = "com.apple.product-type.application";
		};
/* End PBXNativeTarget section */

/* Begin PBXProject section */
		3A1A75D92EDAF0590011F378 /* Project object */ = {
			isa = PBXProject;
			attributes = {
				BuildIndependentTargetsInParallel = 1;
				LastSwiftUpdateCheck = 1640;
				LastUpgradeCheck = 1640;
				TargetAttributes = {
					3A1A75E02EDAF0590011F378 = {
						CreatedOnToolsVersion = 16.4;
					};
				};
			};
			buildConfigurationList = 3A1A75DC2EDAF0590011F378 /* Build configuration list for PBXProject "Cafe-iOS-Anton" */;
			developmentRegion = en;
			hasScannedForEncodings = 0;
			knownRegions = (
				en,
				Base,
			);
			mainGroup = 3A1A75D82EDAF0590011F378;
			minimizedProjectReferenceProxies = 1;
			packageReferences = (
				3A1A75F92EDAF0EA0011F378 /* XCRemoteSwiftPackageReference "SnapKit" */,
			);
			preferredProjectObjectVersion = 77;
			productRefGroup = 3A1A75E22EDAF0590011F378 /* Products */;
			projectDirPath = "";
			projectRoot = "";
			targets = (
				3A1A75E02EDAF0590011F378 /* Cafe-iOS-Anton */,
			);
		};
/* End PBXProject section */

/* Begin PBXResourcesBuildPhase section */
		3A1A75DF2EDAF0590011F378 /* Resources */ = {
			isa = PBXResourcesBuildPhase;
			buildActionMask = 2147483647;
			files = (
				693ABD902EE1DFCD00DEBBEE /* Assets.xcassets in Resources */,
				693ABD962EE1EBC400DEBBEE /* LaunchScreen.storyboard in Resources */,
			);
			runOnlyForDeploymentPostprocessing = 0;
		};
/* End PBXResourcesBuildPhase section */

/* Begin PBXSourcesBuildPhase section */
		3A1A75DD2EDAF0590011F378 /* Sources */ = {
			isa = PBXSourcesBuildPhase;
			buildActionMask = 2147483647;
			files = (
				693ABD8D2EE1DFC100DEBBEE /* AuthPresenter.swift in Sources */,
				693ABD8C2EE1DFBC00DEBBEE /* AuthInteractor.swift in Sources */,
				693ABD892EE1DFAA00DEBBEE /* AppDelegate.swift in Sources */,
				693ABD8B2EE1DFB900DEBBEE /* AuthViewController.swift in Sources */,
				693ABD8E2EE1DFC500DEBBEE /* AuthRouter.swift in Sources */,
				693ABD8A2EE1DFAF00DEBBEE /* SceneDelegate.swift in Sources */,
				693ABD912EE1DFD100DEBBEE /* Tap.swift in Sources */,
				693ABD922EE1DFD500DEBBEE /* Shark.swift in Sources */,
			);
			runOnlyForDeploymentPostprocessing = 0;
		};
/* End PBXSourcesBuildPhase section */

/* Begin XCBuildConfiguration section */
		3A1A75F52EDAF05B0011F378 /* Debug */ = {
			isa = XCBuildConfiguration;
			buildSettings = {
				ASSETCATALOG_COMPILER_APPICON_NAME = AppIcon;
				ASSETCATALOG_COMPILER_GLOBAL_ACCENT_COLOR_NAME = AccentColor;
				CODE_SIGN_STYLE = Automatic;
				CURRENT_PROJECT_VERSION = 1;
				DEVELOPMENT_TEAM = TU49UKVVFH;
				GENERATE_INFOPLIST_FILE = YES;
				INFOPLIST_FILE = "Cafe-iOS-Anton/Info.plist";
				INFOPLIST_KEY_UIApplicationSupportsIndirectInputEvents = YES;
				INFOPLIST_KEY_UILaunchStoryboardName = LaunchScreen;
				INFOPLIST_KEY_UISupportedInterfaceOrientations_iPad = "UIInterfaceOrientationPortrait UIInterfaceOrientationPortraitUpsideDown UIInterfaceOrientationLandscapeLeft UIInterfaceOrientationLandscapeRight";
				INFOPLIST_KEY_UISupportedInterfaceOrientations_iPhone = "UIInterfaceOrientationPortrait UIInterfaceOrientationLandscapeLeft UIInterfaceOrientationLandscapeRight";
				IPHONEOS_DEPLOYMENT_TARGET = 15.6;
				LD_RUNPATH_SEARCH_PATHS = (
					"$(inherited)",
					"@executable_path/Frameworks",
				);
				MARKETING_VERSION = 1.0;
				PRODUCT_BUNDLE_IDENTIFIER = "xxx.Cafe-iOS-Anton";
				PRODUCT_NAME = "$(TARGET_NAME)";
				SWIFT_EMIT_LOC_STRINGS = YES;
				SWIFT_VERSION = 5.0;
				TARGETED_DEVICE_FAMILY = "1,2";
			};
			name = Debug;
		};
		3A1A75F62EDAF05B0011F378 /* Release */ = {
			isa = XCBuildConfiguration;
			buildSettings = {
				ASSETCATALOG_COMPILER_APPICON_NAME = AppIcon;
				ASSETCATALOG_COMPILER_GLOBAL_ACCENT_COLOR_NAME = AccentColor;
				CODE_SIGN_STYLE = Automatic;
				CURRENT_PROJECT_VERSION = 1;
				DEVELOPMENT_TEAM = TU49UKVVFH;
				GENERATE_INFOPLIST_FILE = YES;
				INFOPLIST_FILE = "Cafe-iOS-Anton/Info.plist";
				INFOPLIST_KEY_UIApplicationSupportsIndirectInputEvents = YES;
				INFOPLIST_KEY_UILaunchStoryboardName = LaunchScreen;
				INFOPLIST_KEY_UISupportedInterfaceOrientations_iPad = "UIInterfaceOrientationPortrait UIInterfaceOrientationPortraitUpsideDown UIInterfaceOrientationLandscapeLeft UIInterfaceOrientationLandscapeRight";
				INFOPLIST_KEY_UISupportedInterfaceOrientations_iPhone = "UIInterfaceOrientationPortrait UIInterfaceOrientationLandscapeLeft UIInterfaceOrientationLandscapeRight";
				IPHONEOS_DEPLOYMENT_TARGET = 15.6;
				LD_RUNPATH_SEARCH_PATHS = (
					"$(inherited)",
					"@executable_path/Frameworks",
				);
				MARKETING_VERSION = 1.0;
				PRODUCT_BUNDLE_IDENTIFIER = "xxx.Cafe-iOS-Anton";
				PRODUCT_NAME = "$(TARGET_NAME)";
				SWIFT_EMIT_LOC_STRINGS = YES;
				SWIFT_VERSION = 5.0;
				TARGETED_DEVICE_FAMILY = "1,2";
			};
			name = Release;
		};
		3A1A75F72EDAF05B0011F378 /* Debug */ = {
			isa = XCBuildConfiguration;
			buildSettings = {
				ALWAYS_SEARCH_USER_PATHS = NO;
				ASSETCATALOG_COMPILER_GENERATE_SWIFT_ASSET_SYMBOL_EXTENSIONS = YES;
				CLANG_ANALYZER_NONNULL = YES;
				CLANG_ANALYZER_NUMBER_OBJECT_CONVERSION = YES_AGGRESSIVE;
				CLANG_CXX_LANGUAGE_STANDARD = "gnu++20";
				CLANG_ENABLE_MODULES = YES;
				CLANG_ENABLE_OBJC_ARC = YES;
				CLANG_ENABLE_OBJC_WEAK = YES;
				CLANG_WARN_BLOCK_CAPTURE_AUTORELEASING = YES;
				CLANG_WARN_BOOL_CONVERSION = YES;
				CLANG_WARN_COMMA = YES;
				CLANG_WARN_CONSTANT_CONVERSION = YES;
				CLANG_WARN_DEPRECATED_OBJC_IMPLEMENTATIONS = YES;
				CLANG_WARN_DIRECT_OBJC_ISA_USAGE = YES_ERROR;
				CLANG_WARN_DOCUMENTATION_COMMENTS = YES;
				CLANG_WARN_EMPTY_BODY = YES;
				CLANG_WARN_ENUM_CONVERSION = YES;
				CLANG_WARN_INFINITE_RECURSION = YES;
				CLANG_WARN_INT_CONVERSION = YES;
				CLANG_WARN_NON_LITERAL_NULL_CONVERSION = YES;
				CLANG_WARN_OBJC_IMPLICIT_RETAIN_SELF = YES;
				CLANG_WARN_OBJC_LITERAL_CONVERSION = YES;
				CLANG_WARN_OBJC_ROOT_CLASS = YES_ERROR;
				CLANG_WARN_QUOTED_INCLUDE_IN_FRAMEWORK_HEADER = YES;
				CLANG_WARN_RANGE_LOOP_ANALYSIS = YES;
				CLANG_WARN_STRICT_PROTOTYPES = YES;
				CLANG_WARN_SUSPICIOUS_MOVE = YES;
				CLANG_WARN_UNGUARDED_AVAILABILITY = YES_AGGRESSIVE;
				CLANG_WARN_UNREACHABLE_CODE = YES;
				CLANG_WARN__DUPLICATE_METHOD_MATCH = YES;
				COPY_PHASE_STRIP = NO;
				DEBUG_INFORMATION_FORMAT = dwarf;
				DEVELOPMENT_TEAM = 6634PV48FZ;
				ENABLE_STRICT_OBJC_MSGSEND = YES;
				ENABLE_TESTABILITY = YES;
				ENABLE_USER_SCRIPT_SANDBOXING = YES;
				GCC_C_LANGUAGE_STANDARD = gnu17;
				GCC_DYNAMIC_NO_PIC = NO;
				GCC_NO_COMMON_BLOCKS = YES;
				GCC_OPTIMIZATION_LEVEL = 0;
				GCC_PREPROCESSOR_DEFINITIONS = (
					"DEBUG=1",
					"$(inherited)",
				);
				GCC_WARN_64_TO_32_BIT_CONVERSION = YES;
				GCC_WARN_ABOUT_RETURN_TYPE = YES_ERROR;
				GCC_WARN_UNDECLARED_SELECTOR = YES;
				GCC_WARN_UNINITIALIZED_AUTOS = YES_AGGRESSIVE;
				GCC_WARN_UNUSED_FUNCTION = YES;
				GCC_WARN_UNUSED_VARIABLE = YES;
				IPHONEOS_DEPLOYMENT_TARGET = 18.5;
				LOCALIZATION_PREFERS_STRING_CATALOGS = YES;
				MTL_ENABLE_DEBUG_INFO = INCLUDE_SOURCE;
				MTL_FAST_MATH = YES;
				ONLY_ACTIVE_ARCH = YES;
				SDKROOT = iphoneos;
				SWIFT_ACTIVE_COMPILATION_CONDITIONS = "DEBUG $(inherited)";
				SWIFT_OPTIMIZATION_LEVEL = "-Onone";
			};
			name = Debug;
		};
		3A1A75F82EDAF05B0011F378 /* Release */ = {
			isa = XCBuildConfiguration;
			buildSettings = {
				ALWAYS_SEARCH_USER_PATHS = NO;
				ASSETCATALOG_COMPILER_GENERATE_SWIFT_ASSET_SYMBOL_EXTENSIONS = YES;
				CLANG_ANALYZER_NONNULL = YES;
				CLANG_ANALYZER_NUMBER_OBJECT_CONVERSION = YES_AGGRESSIVE;
				CLANG_CXX_LANGUAGE_STANDARD = "gnu++20";
				CLANG_ENABLE_MODULES = YES;
				CLANG_ENABLE_OBJC_ARC = YES;
				CLANG_ENABLE_OBJC_WEAK = YES;
				CLANG_WARN_BLOCK_CAPTURE_AUTORELEASING = YES;
				CLANG_WARN_BOOL_CONVERSION = YES;
				CLANG_WARN_COMMA = YES;
				CLANG_WARN_CONSTANT_CONVERSION = YES;
				CLANG_WARN_DEPRECATED_OBJC_IMPLEMENTATIONS = YES;
				CLANG_WARN_DIRECT_OBJC_ISA_USAGE = YES_ERROR;
				CLANG_WARN_DOCUMENTATION_COMMENTS = YES;
				CLANG_WARN_EMPTY_BODY = YES;
				CLANG_WARN_ENUM_CONVERSION = YES;
				CLANG_WARN_INFINITE_RECURSION = YES;
				CLANG_WARN_INT_CONVERSION = YES;
				CLANG_WARN_NON_LITERAL_NULL_CONVERSION = YES;
				CLANG_WARN_OBJC_IMPLICIT_RETAIN_SELF = YES;
				CLANG_WARN_OBJC_LITERAL_CONVERSION = YES;
				CLANG_WARN_OBJC_ROOT_CLASS = YES_ERROR;
				CLANG_WARN_QUOTED_INCLUDE_IN_FRAMEWORK_HEADER = YES;
				CLANG_WARN_RANGE_LOOP_ANALYSIS = YES;
				CLANG_WARN_STRICT_PROTOTYPES = YES;
				CLANG_WARN_SUSPICIOUS_MOVE = YES;
				CLANG_WARN_UNGUARDED_AVAILABILITY = YES_AGGRESSIVE;
				CLANG_WARN_UNREACHABLE_CODE = YES;
				CLANG_WARN__DUPLICATE_METHOD_MATCH = YES;
				COPY_PHASE_STRIP = NO;
				DEBUG_INFORMATION_FORMAT = "dwarf-with-dsym";
				DEVELOPMENT_TEAM = 6634PV48FZ;
				ENABLE_NS_ASSERTIONS = NO;
				ENABLE_STRICT_OBJC_MSGSEND = YES;
				ENABLE_USER_SCRIPT_SANDBOXING = YES;
				GCC_C_LANGUAGE_STANDARD = gnu17;
				GCC_NO_COMMON_BLOCKS = YES;
				GCC_WARN_64_TO_32_BIT_CONVERSION = YES;
				GCC_WARN_ABOUT_RETURN_TYPE = YES_ERROR;
				GCC_WARN_UNDECLARED_SELECTOR = YES;
				GCC_WARN_UNINITIALIZED_AUTOS = YES_AGGRESSIVE;
				GCC_WARN_UNUSED_FUNCTION = YES;
				GCC_WARN_UNUSED_VARIABLE = YES;
				IPHONEOS_DEPLOYMENT_TARGET = 18.5;
				LOCALIZATION_PREFERS_STRING_CATALOGS = YES;
				MTL_ENABLE_DEBUG_INFO = NO;
				MTL_FAST_MATH = YES;
				SDKROOT = iphoneos;
				SWIFT_COMPILATION_MODE = wholemodule;
				VALIDATE_PRODUCT = YES;
			};
			name = Release;
		};
/* End XCBuildConfiguration section */

/* Begin XCConfigurationList section */
		3A1A75DC2EDAF0590011F378 /* Build configuration list for PBXProject "Cafe-iOS-Anton" */ = {
			isa = XCConfigurationList;
			buildConfigurations = (
				3A1A75F72EDAF05B0011F378 /* Debug */,
				3A1A75F82EDAF05B0011F378 /* Release */,
			);
			defaultConfigurationIsVisible = 0;
			defaultConfigurationName = Release;
		};
		3A1A75F42EDAF05B0011F378 /* Build configuration list for PBXNativeTarget "Cafe-iOS-Anton" */ = {
			isa = XCConfigurationList;
			buildConfigurations = (
				3A1A75F52EDAF05B0011F378 /* Debug */,
				3A1A75F62EDAF05B0011F378 /* Release */,
			);
			defaultConfigurationIsVisible = 0;
			defaultConfigurationName = Release;
		};
/* End XCConfigurationList section */

/* Begin XCRemoteSwiftPackageReference section */
		3A1A75F92EDAF0EA0011F378 /* XCRemoteSwiftPackageReference "SnapKit" */ = {
			isa = XCRemoteSwiftPackageReference;
			repositoryURL = "https://github.com/SnapKit/SnapKit.git";
			requirement = {
				kind = upToNextMajorVersion;
				minimumVersion = 5.7.1;
			};
		};
/* End XCRemoteSwiftPackageReference section */

/* Begin XCSwiftPackageProductDependency section */
		3A1A75FA2EDAF0EA0011F378 /* SnapKit */ = {
			isa = XCSwiftPackageProductDependency;
			package = 3A1A75F92EDAF0EA0011F378 /* XCRemoteSwiftPackageReference "SnapKit" */;
			productName = SnapKit;
		};
/* End XCSwiftPackageProductDependency section */
	};
	rootObject = 3A1A75D92EDAF0590011F378 /* Project object */;
}
